// !$*UTF8*$!
{
	archiveVersion = 1;
	classes = {
	};
	objectVersion = 55;
	objects = {

/* Begin PBXBuildFile section */
		3BCFBE552874695D0092DF27 /* HistoryView.swift in Sources */ = {isa = PBXBuildFile; fileRef = 3BCFBE542874695D0092DF27 /* HistoryView.swift */; };
		3BCFBE57287469F10092DF27 /* HistoryDetailsSwiftUIView.swift in Sources */ = {isa = PBXBuildFile; fileRef = 3BCFBE56287469F10092DF27 /* HistoryDetailsSwiftUIView.swift */; };
		84705CEF286A2EAF0005B525 /* AppDelegate.swift in Sources */ = {isa = PBXBuildFile; fileRef = 84705CEE286A2EAF0005B525 /* AppDelegate.swift */; };
		84705CF1286A2EAF0005B525 /* SceneDelegate.swift in Sources */ = {isa = PBXBuildFile; fileRef = 84705CF0286A2EAF0005B525 /* SceneDelegate.swift */; };
		84705CF3286A2EAF0005B525 /* ViewController.swift in Sources */ = {isa = PBXBuildFile; fileRef = 84705CF2286A2EAF0005B525 /* ViewController.swift */; };
		84705CF6286A2EAF0005B525 /* Main.storyboard in Resources */ = {isa = PBXBuildFile; fileRef = 84705CF4286A2EAF0005B525 /* Main.storyboard */; };
		84705CF9286A2EAF0005B525 /* Revature_P3_PickAndPayStore.xcdatamodeld in Sources */ = {isa = PBXBuildFile; fileRef = 84705CF7286A2EAF0005B525 /* Revature_P3_PickAndPayStore.xcdatamodeld */; };
		84705CFB286A2EB00005B525 /* Assets.xcassets in Resources */ = {isa = PBXBuildFile; fileRef = 84705CFA286A2EB00005B525 /* Assets.xcassets */; };
		84705CFE286A2EB00005B525 /* LaunchScreen.storyboard in Resources */ = {isa = PBXBuildFile; fileRef = 84705CFC286A2EB00005B525 /* LaunchScreen.storyboard */; };
		84705D09286A2EB10005B525 /* Revature_P3_PickAndPayStoreTests.swift in Sources */ = {isa = PBXBuildFile; fileRef = 84705D08286A2EB10005B525 /* Revature_P3_PickAndPayStoreTests.swift */; };
		84705D13286A2EB10005B525 /* Revature_P3_PickAndPayStoreUITests.swift in Sources */ = {isa = PBXBuildFile; fileRef = 84705D12286A2EB10005B525 /* Revature_P3_PickAndPayStoreUITests.swift */; };
		84705D15286A2EB10005B525 /* Revature_P3_PickAndPayStoreUITestsLaunchTests.swift in Sources */ = {isa = PBXBuildFile; fileRef = 84705D14286A2EB10005B525 /* Revature_P3_PickAndPayStoreUITestsLaunchTests.swift */; };
		84FCC17E286E35F300C86836 /* CartItemViewModel.swift in Sources */ = {isa = PBXBuildFile; fileRef = 84FCC17D286E35F300C86836 /* CartItemViewModel.swift */; };
		84FCC180286E360E00C86836 /* ProductCategoryViewModel.swift in Sources */ = {isa = PBXBuildFile; fileRef = 84FCC17F286E360E00C86836 /* ProductCategoryViewModel.swift */; };
		84FCC182286E364800C86836 /* SignUpViewModel.swift in Sources */ = {isa = PBXBuildFile; fileRef = 84FCC181286E364800C86836 /* SignUpViewModel.swift */; };
		84FCC184286E365E00C86836 /* LoginViewModel.swift in Sources */ = {isa = PBXBuildFile; fileRef = 84FCC183286E365E00C86836 /* LoginViewModel.swift */; };
		84FCC186286E367600C86836 /* ProductsViewModel.swift in Sources */ = {isa = PBXBuildFile; fileRef = 84FCC185286E367600C86836 /* ProductsViewModel.swift */; };
		84FCC188286E368600C86836 /* ProductViewModel.swift in Sources */ = {isa = PBXBuildFile; fileRef = 84FCC187286E368600C86836 /* ProductViewModel.swift */; };
		84FCC18A286E369C00C86836 /* PastOrderViewModel.swift in Sources */ = {isa = PBXBuildFile; fileRef = 84FCC189286E369C00C86836 /* PastOrderViewModel.swift */; };
		84FCC18C286E370B00C86836 /* PromoViewModel.swift in Sources */ = {isa = PBXBuildFile; fileRef = 84FCC18B286E370B00C86836 /* PromoViewModel.swift */; };
		84FCC19B286E3DC800C86836 /* User+CoreDataClass.swift in Sources */ = {isa = PBXBuildFile; fileRef = 84FCC18D286E3DC800C86836 /* User+CoreDataClass.swift */; };
		84FCC19C286E3DC800C86836 /* User+CoreDataProperties.swift in Sources */ = {isa = PBXBuildFile; fileRef = 84FCC18E286E3DC800C86836 /* User+CoreDataProperties.swift */; };
		84FCC19D286E3DC800C86836 /* WishlistItem+CoreDataClass.swift in Sources */ = {isa = PBXBuildFile; fileRef = 84FCC18F286E3DC800C86836 /* WishlistItem+CoreDataClass.swift */; };
		84FCC19E286E3DC800C86836 /* WishlistItem+CoreDataProperties.swift in Sources */ = {isa = PBXBuildFile; fileRef = 84FCC190286E3DC800C86836 /* WishlistItem+CoreDataProperties.swift */; };
		84FCC19F286E3DC800C86836 /* CartItem+CoreDataClass.swift in Sources */ = {isa = PBXBuildFile; fileRef = 84FCC191286E3DC800C86836 /* CartItem+CoreDataClass.swift */; };
		84FCC1A0286E3DC800C86836 /* CartItem+CoreDataProperties.swift in Sources */ = {isa = PBXBuildFile; fileRef = 84FCC192286E3DC800C86836 /* CartItem+CoreDataProperties.swift */; };
		84FCC1A1286E3DC800C86836 /* ItemHistory+CoreDataClass.swift in Sources */ = {isa = PBXBuildFile; fileRef = 84FCC193286E3DC800C86836 /* ItemHistory+CoreDataClass.swift */; };
		84FCC1A2286E3DC800C86836 /* ItemHistory+CoreDataProperties.swift in Sources */ = {isa = PBXBuildFile; fileRef = 84FCC194286E3DC800C86836 /* ItemHistory+CoreDataProperties.swift */; };
		84FCC1A3286E3DC800C86836 /* Promo+CoreDataClass.swift in Sources */ = {isa = PBXBuildFile; fileRef = 84FCC195286E3DC800C86836 /* Promo+CoreDataClass.swift */; };
		84FCC1A4286E3DC800C86836 /* Promo+CoreDataProperties.swift in Sources */ = {isa = PBXBuildFile; fileRef = 84FCC196286E3DC800C86836 /* Promo+CoreDataProperties.swift */; };
		84FCC1A5286E3DC800C86836 /* ProductCategory+CoreDataClass.swift in Sources */ = {isa = PBXBuildFile; fileRef = 84FCC197286E3DC800C86836 /* ProductCategory+CoreDataClass.swift */; };
		84FCC1A6286E3DC800C86836 /* ProductCategory+CoreDataProperties.swift in Sources */ = {isa = PBXBuildFile; fileRef = 84FCC198286E3DC800C86836 /* ProductCategory+CoreDataProperties.swift */; };
		84FCC1A7286E3DC800C86836 /* Product+CoreDataClass.swift in Sources */ = {isa = PBXBuildFile; fileRef = 84FCC199286E3DC800C86836 /* Product+CoreDataClass.swift */; };
		84FCC1A8286E3DC800C86836 /* Product+CoreDataProperties.swift in Sources */ = {isa = PBXBuildFile; fileRef = 84FCC19A286E3DC800C86836 /* Product+CoreDataProperties.swift */; };
/* End PBXBuildFile section */

/* Begin PBXContainerItemProxy section */
		84705D05286A2EB10005B525 /* PBXContainerItemProxy */ = {
			isa = PBXContainerItemProxy;
			containerPortal = 84705CE3286A2EAF0005B525 /* Project object */;
			proxyType = 1;
			remoteGlobalIDString = 84705CEA286A2EAF0005B525;
			remoteInfo = Revature.P3.PickAndPayStore;
		};
		84705D0F286A2EB10005B525 /* PBXContainerItemProxy */ = {
			isa = PBXContainerItemProxy;
			containerPortal = 84705CE3286A2EAF0005B525 /* Project object */;
			proxyType = 1;
			remoteGlobalIDString = 84705CEA286A2EAF0005B525;
			remoteInfo = Revature.P3.PickAndPayStore;
		};
/* End PBXContainerItemProxy section */

/* Begin PBXFileReference section */
		3BCFBE542874695D0092DF27 /* HistoryView.swift */ = {isa = PBXFileReference; lastKnownFileType = sourcecode.swift; path = HistoryView.swift; sourceTree = "<group>"; };
		3BCFBE56287469F10092DF27 /* HistoryDetailsSwiftUIView.swift */ = {isa = PBXFileReference; lastKnownFileType = sourcecode.swift; path = HistoryDetailsSwiftUIView.swift; sourceTree = "<group>"; };
		84705CEB286A2EAF0005B525 /* Revature.P3.PickAndPayStore.app */ = {isa = PBXFileReference; explicitFileType = wrapper.application; includeInIndex = 0; path = Revature.P3.PickAndPayStore.app; sourceTree = BUILT_PRODUCTS_DIR; };
		84705CEE286A2EAF0005B525 /* AppDelegate.swift */ = {isa = PBXFileReference; lastKnownFileType = sourcecode.swift; path = AppDelegate.swift; sourceTree = "<group>"; };
		84705CF0286A2EAF0005B525 /* SceneDelegate.swift */ = {isa = PBXFileReference; lastKnownFileType = sourcecode.swift; path = SceneDelegate.swift; sourceTree = "<group>"; };
		84705CF2286A2EAF0005B525 /* ViewController.swift */ = {isa = PBXFileReference; lastKnownFileType = sourcecode.swift; path = ViewController.swift; sourceTree = "<group>"; };
		84705CF5286A2EAF0005B525 /* Base */ = {isa = PBXFileReference; lastKnownFileType = file.storyboard; name = Base; path = Base.lproj/Main.storyboard; sourceTree = "<group>"; };
		84705CF8286A2EAF0005B525 /* Revature_P3_PickAndPayStore.xcdatamodel */ = {isa = PBXFileReference; lastKnownFileType = wrapper.xcdatamodel; path = Revature_P3_PickAndPayStore.xcdatamodel; sourceTree = "<group>"; };
		84705CFA286A2EB00005B525 /* Assets.xcassets */ = {isa = PBXFileReference; lastKnownFileType = folder.assetcatalog; path = Assets.xcassets; sourceTree = "<group>"; };
		84705CFD286A2EB00005B525 /* Base */ = {isa = PBXFileReference; lastKnownFileType = file.storyboard; name = Base; path = Base.lproj/LaunchScreen.storyboard; sourceTree = "<group>"; };
		84705CFF286A2EB00005B525 /* Info.plist */ = {isa = PBXFileReference; lastKnownFileType = text.plist.xml; path = Info.plist; sourceTree = "<group>"; };
		84705D04286A2EB10005B525 /* Revature.P3.PickAndPayStoreTests.xctest */ = {isa = PBXFileReference; explicitFileType = wrapper.cfbundle; includeInIndex = 0; path = Revature.P3.PickAndPayStoreTests.xctest; sourceTree = BUILT_PRODUCTS_DIR; };
		84705D08286A2EB10005B525 /* Revature_P3_PickAndPayStoreTests.swift */ = {isa = PBXFileReference; lastKnownFileType = sourcecode.swift; path = Revature_P3_PickAndPayStoreTests.swift; sourceTree = "<group>"; };
		84705D0E286A2EB10005B525 /* Revature.P3.PickAndPayStoreUITests.xctest */ = {isa = PBXFileReference; explicitFileType = wrapper.cfbundle; includeInIndex = 0; path = Revature.P3.PickAndPayStoreUITests.xctest; sourceTree = BUILT_PRODUCTS_DIR; };
		84705D12286A2EB10005B525 /* Revature_P3_PickAndPayStoreUITests.swift */ = {isa = PBXFileReference; lastKnownFileType = sourcecode.swift; path = Revature_P3_PickAndPayStoreUITests.swift; sourceTree = "<group>"; };
		84705D14286A2EB10005B525 /* Revature_P3_PickAndPayStoreUITestsLaunchTests.swift */ = {isa = PBXFileReference; lastKnownFileType = sourcecode.swift; path = Revature_P3_PickAndPayStoreUITestsLaunchTests.swift; sourceTree = "<group>"; };
		84FCC17D286E35F300C86836 /* CartItemViewModel.swift */ = {isa = PBXFileReference; lastKnownFileType = sourcecode.swift; path = CartItemViewModel.swift; sourceTree = "<group>"; };
		84FCC17F286E360E00C86836 /* ProductCategoryViewModel.swift */ = {isa = PBXFileReference; lastKnownFileType = sourcecode.swift; path = ProductCategoryViewModel.swift; sourceTree = "<group>"; };
		84FCC181286E364800C86836 /* SignUpViewModel.swift */ = {isa = PBXFileReference; lastKnownFileType = sourcecode.swift; path = SignUpViewModel.swift; sourceTree = "<group>"; };
		84FCC183286E365E00C86836 /* LoginViewModel.swift */ = {isa = PBXFileReference; lastKnownFileType = sourcecode.swift; path = LoginViewModel.swift; sourceTree = "<group>"; };
		84FCC185286E367600C86836 /* ProductsViewModel.swift */ = {isa = PBXFileReference; lastKnownFileType = sourcecode.swift; path = ProductsViewModel.swift; sourceTree = "<group>"; };
		84FCC187286E368600C86836 /* ProductViewModel.swift */ = {isa = PBXFileReference; lastKnownFileType = sourcecode.swift; path = ProductViewModel.swift; sourceTree = "<group>"; };
		84FCC189286E369C00C86836 /* PastOrderViewModel.swift */ = {isa = PBXFileReference; lastKnownFileType = sourcecode.swift; path = PastOrderViewModel.swift; sourceTree = "<group>"; };
		84FCC18B286E370B00C86836 /* PromoViewModel.swift */ = {isa = PBXFileReference; lastKnownFileType = sourcecode.swift; path = PromoViewModel.swift; sourceTree = "<group>"; };
		84FCC18D286E3DC800C86836 /* User+CoreDataClass.swift */ = {isa = PBXFileReference; lastKnownFileType = sourcecode.swift; path = "User+CoreDataClass.swift"; sourceTree = "<group>"; };
		84FCC18E286E3DC800C86836 /* User+CoreDataProperties.swift */ = {isa = PBXFileReference; lastKnownFileType = sourcecode.swift; path = "User+CoreDataProperties.swift"; sourceTree = "<group>"; };
		84FCC18F286E3DC800C86836 /* WishlistItem+CoreDataClass.swift */ = {isa = PBXFileReference; lastKnownFileType = sourcecode.swift; path = "WishlistItem+CoreDataClass.swift"; sourceTree = "<group>"; };
		84FCC190286E3DC800C86836 /* WishlistItem+CoreDataProperties.swift */ = {isa = PBXFileReference; lastKnownFileType = sourcecode.swift; path = "WishlistItem+CoreDataProperties.swift"; sourceTree = "<group>"; };
		84FCC191286E3DC800C86836 /* CartItem+CoreDataClass.swift */ = {isa = PBXFileReference; lastKnownFileType = sourcecode.swift; path = "CartItem+CoreDataClass.swift"; sourceTree = "<group>"; };
		84FCC192286E3DC800C86836 /* CartItem+CoreDataProperties.swift */ = {isa = PBXFileReference; lastKnownFileType = sourcecode.swift; path = "CartItem+CoreDataProperties.swift"; sourceTree = "<group>"; };
		84FCC193286E3DC800C86836 /* ItemHistory+CoreDataClass.swift */ = {isa = PBXFileReference; lastKnownFileType = sourcecode.swift; path = "ItemHistory+CoreDataClass.swift"; sourceTree = "<group>"; };
		84FCC194286E3DC800C86836 /* ItemHistory+CoreDataProperties.swift */ = {isa = PBXFileReference; lastKnownFileType = sourcecode.swift; path = "ItemHistory+CoreDataProperties.swift"; sourceTree = "<group>"; };
		84FCC195286E3DC800C86836 /* Promo+CoreDataClass.swift */ = {isa = PBXFileReference; lastKnownFileType = sourcecode.swift; path = "Promo+CoreDataClass.swift"; sourceTree = "<group>"; };
		84FCC196286E3DC800C86836 /* Promo+CoreDataProperties.swift */ = {isa = PBXFileReference; lastKnownFileType = sourcecode.swift; path = "Promo+CoreDataProperties.swift"; sourceTree = "<group>"; };
		84FCC197286E3DC800C86836 /* ProductCategory+CoreDataClass.swift */ = {isa = PBXFileReference; lastKnownFileType = sourcecode.swift; path = "ProductCategory+CoreDataClass.swift"; sourceTree = "<group>"; };
		84FCC198286E3DC800C86836 /* ProductCategory+CoreDataProperties.swift */ = {isa = PBXFileReference; lastKnownFileType = sourcecode.swift; path = "ProductCategory+CoreDataProperties.swift"; sourceTree = "<group>"; };
		84FCC199286E3DC800C86836 /* Product+CoreDataClass.swift */ = {isa = PBXFileReference; lastKnownFileType = sourcecode.swift; path = "Product+CoreDataClass.swift"; sourceTree = "<group>"; };
		84FCC19A286E3DC800C86836 /* Product+CoreDataProperties.swift */ = {isa = PBXFileReference; lastKnownFileType = sourcecode.swift; path = "Product+CoreDataProperties.swift"; sourceTree = "<group>"; };
/* End PBXFileReference section */

/* Begin PBXFrameworksBuildPhase section */
		84705CE8286A2EAF0005B525 /* Frameworks */ = {
			isa = PBXFrameworksBuildPhase;
			buildActionMask = 2147483647;
			files = (
			);
			runOnlyForDeploymentPostprocessing = 0;
		};
		84705D01286A2EB10005B525 /* Frameworks */ = {
			isa = PBXFrameworksBuildPhase;
			buildActionMask = 2147483647;
			files = (
			);
			runOnlyForDeploymentPostprocessing = 0;
		};
		84705D0B286A2EB10005B525 /* Frameworks */ = {
			isa = PBXFrameworksBuildPhase;
			buildActionMask = 2147483647;
			files = (
			);
			runOnlyForDeploymentPostprocessing = 0;
		};
/* End PBXFrameworksBuildPhase section */

/* Begin PBXGroup section */
		3BCFBE52287468BF0092DF27 /* History */ = {
			isa = PBXGroup;
			children = (
				3BCFBE53287468CD0092DF27 /* View */,
			);
			path = History;
			sourceTree = "<group>";
		};
		3BCFBE53287468CD0092DF27 /* View */ = {
			isa = PBXGroup;
			children = (
				3BCFBE542874695D0092DF27 /* HistoryView.swift */,
				3BCFBE56287469F10092DF27 /* HistoryDetailsSwiftUIView.swift */,
			);
			path = View;
			sourceTree = "<group>";
		};
		84705CE2286A2EAF0005B525 = {
			isa = PBXGroup;
			children = (
				84FCC1C9286E494C00C86836 /* Models */,
				84705CED286A2EAF0005B525 /* Revature.P3.PickAndPayStore */,
				84705D07286A2EB10005B525 /* Revature.P3.PickAndPayStoreTests */,
				84705D11286A2EB10005B525 /* Revature.P3.PickAndPayStoreUITests */,
				84705CEC286A2EAF0005B525 /* Products */,
			);
			sourceTree = "<group>";
		};
		84705CEC286A2EAF0005B525 /* Products */ = {
			isa = PBXGroup;
			children = (
				84705CEB286A2EAF0005B525 /* Revature.P3.PickAndPayStore.app */,
				84705D04286A2EB10005B525 /* Revature.P3.PickAndPayStoreTests.xctest */,
				84705D0E286A2EB10005B525 /* Revature.P3.PickAndPayStoreUITests.xctest */,
			);
			name = Products;
			sourceTree = "<group>";
		};
		84705CED286A2EAF0005B525 /* Revature.P3.PickAndPayStore */ = {
			isa = PBXGroup;
			children = (
				3BCFBE52287468BF0092DF27 /* History */,
				84FCC17A286E31F700C86836 /* ViewModels */,
				84705CEE286A2EAF0005B525 /* AppDelegate.swift */,
				84705CF0286A2EAF0005B525 /* SceneDelegate.swift */,
				84705CF2286A2EAF0005B525 /* ViewController.swift */,
				84705CF4286A2EAF0005B525 /* Main.storyboard */,
				84705CFA286A2EB00005B525 /* Assets.xcassets */,
				84705CFC286A2EB00005B525 /* LaunchScreen.storyboard */,
				84705CFF286A2EB00005B525 /* Info.plist */,
				84705CF7286A2EAF0005B525 /* Revature_P3_PickAndPayStore.xcdatamodeld */,
			);
			path = Revature.P3.PickAndPayStore;
			sourceTree = "<group>";
		};
		84705D07286A2EB10005B525 /* Revature.P3.PickAndPayStoreTests */ = {
			isa = PBXGroup;
			children = (
				84705D08286A2EB10005B525 /* Revature_P3_PickAndPayStoreTests.swift */,
			);
			path = Revature.P3.PickAndPayStoreTests;
			sourceTree = "<group>";
		};
		84705D11286A2EB10005B525 /* Revature.P3.PickAndPayStoreUITests */ = {
			isa = PBXGroup;
			children = (
				84705D12286A2EB10005B525 /* Revature_P3_PickAndPayStoreUITests.swift */,
				84705D14286A2EB10005B525 /* Revature_P3_PickAndPayStoreUITestsLaunchTests.swift */,
			);
			path = Revature.P3.PickAndPayStoreUITests;
			sourceTree = "<group>";
		};
		84FCC17A286E31F700C86836 /* ViewModels */ = {
			isa = PBXGroup;
			children = (
				84FCC17D286E35F300C86836 /* CartItemViewModel.swift */,
				84FCC17F286E360E00C86836 /* ProductCategoryViewModel.swift */,
				84FCC181286E364800C86836 /* SignUpViewModel.swift */,
				84FCC183286E365E00C86836 /* LoginViewModel.swift */,
				84FCC185286E367600C86836 /* ProductsViewModel.swift */,
				84FCC187286E368600C86836 /* ProductViewModel.swift */,
				84FCC18B286E370B00C86836 /* PromoViewModel.swift */,
				84FCC189286E369C00C86836 /* PastOrderViewModel.swift */,
			);
			path = ViewModels;
			sourceTree = "<group>";
		};
		84FCC1C9286E494C00C86836 /* Models */ = {
			isa = PBXGroup;
			children = (
				84FCC1CA286E495600C86836 /* CoreData */,
			);
			path = Models;
			sourceTree = "<group>";
		};
		84FCC1CA286E495600C86836 /* CoreData */ = {
			isa = PBXGroup;
			children = (
				84FCC18D286E3DC800C86836 /* User+CoreDataClass.swift */,
				84FCC18E286E3DC800C86836 /* User+CoreDataProperties.swift */,
				84FCC18F286E3DC800C86836 /* WishlistItem+CoreDataClass.swift */,
				84FCC190286E3DC800C86836 /* WishlistItem+CoreDataProperties.swift */,
				84FCC191286E3DC800C86836 /* CartItem+CoreDataClass.swift */,
				84FCC192286E3DC800C86836 /* CartItem+CoreDataProperties.swift */,
				84FCC193286E3DC800C86836 /* ItemHistory+CoreDataClass.swift */,
				84FCC194286E3DC800C86836 /* ItemHistory+CoreDataProperties.swift */,
				84FCC195286E3DC800C86836 /* Promo+CoreDataClass.swift */,
				84FCC196286E3DC800C86836 /* Promo+CoreDataProperties.swift */,
				84FCC197286E3DC800C86836 /* ProductCategory+CoreDataClass.swift */,
				84FCC198286E3DC800C86836 /* ProductCategory+CoreDataProperties.swift */,
				84FCC199286E3DC800C86836 /* Product+CoreDataClass.swift */,
				84FCC19A286E3DC800C86836 /* Product+CoreDataProperties.swift */,
			);
			path = CoreData;
			sourceTree = "<group>";
		};
/* End PBXGroup section */

/* Begin PBXNativeTarget section */
		84705CEA286A2EAF0005B525 /* Revature.P3.PickAndPayStore */ = {
			isa = PBXNativeTarget;
			buildConfigurationList = 84705D18286A2EB10005B525 /* Build configuration list for PBXNativeTarget "Revature.P3.PickAndPayStore" */;
			buildPhases = (
				84705CE7286A2EAF0005B525 /* Sources */,
				84705CE8286A2EAF0005B525 /* Frameworks */,
				84705CE9286A2EAF0005B525 /* Resources */,
			);
			buildRules = (
			);
			dependencies = (
			);
			name = Revature.P3.PickAndPayStore;
			productName = Revature.P3.PickAndPayStore;
			productReference = 84705CEB286A2EAF0005B525 /* Revature.P3.PickAndPayStore.app */;
			productType = "com.apple.product-type.application";
		};
		84705D03286A2EB10005B525 /* Revature.P3.PickAndPayStoreTests */ = {
			isa = PBXNativeTarget;
			buildConfigurationList = 84705D1B286A2EB10005B525 /* Build configuration list for PBXNativeTarget "Revature.P3.PickAndPayStoreTests" */;
			buildPhases = (
				84705D00286A2EB10005B525 /* Sources */,
				84705D01286A2EB10005B525 /* Frameworks */,
				84705D02286A2EB10005B525 /* Resources */,
			);
			buildRules = (
			);
			dependencies = (
				84705D06286A2EB10005B525 /* PBXTargetDependency */,
			);
			name = Revature.P3.PickAndPayStoreTests;
			productName = Revature.P3.PickAndPayStoreTests;
			productReference = 84705D04286A2EB10005B525 /* Revature.P3.PickAndPayStoreTests.xctest */;
			productType = "com.apple.product-type.bundle.unit-test";
		};
		84705D0D286A2EB10005B525 /* Revature.P3.PickAndPayStoreUITests */ = {
			isa = PBXNativeTarget;
			buildConfigurationList = 84705D1E286A2EB10005B525 /* Build configuration list for PBXNativeTarget "Revature.P3.PickAndPayStoreUITests" */;
			buildPhases = (
				84705D0A286A2EB10005B525 /* Sources */,
				84705D0B286A2EB10005B525 /* Frameworks */,
				84705D0C286A2EB10005B525 /* Resources */,
			);
			buildRules = (
			);
			dependencies = (
				84705D10286A2EB10005B525 /* PBXTargetDependency */,
			);
			name = Revature.P3.PickAndPayStoreUITests;
			productName = Revature.P3.PickAndPayStoreUITests;
			productReference = 84705D0E286A2EB10005B525 /* Revature.P3.PickAndPayStoreUITests.xctest */;
			productType = "com.apple.product-type.bundle.ui-testing";
		};
/* End PBXNativeTarget section */

/* Begin PBXProject section */
		84705CE3286A2EAF0005B525 /* Project object */ = {
			isa = PBXProject;
			attributes = {
				BuildIndependentTargetsInParallel = 1;
				LastSwiftUpdateCheck = 1310;
				LastUpgradeCheck = 1310;
				TargetAttributes = {
					84705CEA286A2EAF0005B525 = {
						CreatedOnToolsVersion = 13.1;
					};
					84705D03286A2EB10005B525 = {
						CreatedOnToolsVersion = 13.1;
						TestTargetID = 84705CEA286A2EAF0005B525;
					};
					84705D0D286A2EB10005B525 = {
						CreatedOnToolsVersion = 13.1;
						TestTargetID = 84705CEA286A2EAF0005B525;
					};
				};
			};
			buildConfigurationList = 84705CE6286A2EAF0005B525 /* Build configuration list for PBXProject "Revature.P3.PickAndPayStore" */;
			compatibilityVersion = "Xcode 13.0";
			developmentRegion = en;
			hasScannedForEncodings = 0;
			knownRegions = (
				en,
				Base,
			);
			mainGroup = 84705CE2286A2EAF0005B525;
			productRefGroup = 84705CEC286A2EAF0005B525 /* Products */;
			projectDirPath = "";
			projectRoot = "";
			targets = (
				84705CEA286A2EAF0005B525 /* Revature.P3.PickAndPayStore */,
				84705D03286A2EB10005B525 /* Revature.P3.PickAndPayStoreTests */,
				84705D0D286A2EB10005B525 /* Revature.P3.PickAndPayStoreUITests */,
			);
		};
/* End PBXProject section */

/* Begin PBXResourcesBuildPhase section */
		84705CE9286A2EAF0005B525 /* Resources */ = {
			isa = PBXResourcesBuildPhase;
			buildActionMask = 2147483647;
			files = (
				84705CFE286A2EB00005B525 /* LaunchScreen.storyboard in Resources */,
				84705CFB286A2EB00005B525 /* Assets.xcassets in Resources */,
				84705CF6286A2EAF0005B525 /* Main.storyboard in Resources */,
			);
			runOnlyForDeploymentPostprocessing = 0;
		};
		84705D02286A2EB10005B525 /* Resources */ = {
			isa = PBXResourcesBuildPhase;
			buildActionMask = 2147483647;
			files = (
			);
			runOnlyForDeploymentPostprocessing = 0;
		};
		84705D0C286A2EB10005B525 /* Resources */ = {
			isa = PBXResourcesBuildPhase;
			buildActionMask = 2147483647;
			files = (
			);
			runOnlyForDeploymentPostprocessing = 0;
		};
/* End PBXResourcesBuildPhase section */

/* Begin PBXSourcesBuildPhase section */
		84705CE7286A2EAF0005B525 /* Sources */ = {
			isa = PBXSourcesBuildPhase;
			buildActionMask = 2147483647;
			files = (
				84FCC1A8286E3DC800C86836 /* Product+CoreDataProperties.swift in Sources */,
				84FCC18C286E370B00C86836 /* PromoViewModel.swift in Sources */,
				84FCC1A5286E3DC800C86836 /* ProductCategory+CoreDataClass.swift in Sources */,
				84FCC19E286E3DC800C86836 /* WishlistItem+CoreDataProperties.swift in Sources */,
				84FCC186286E367600C86836 /* ProductsViewModel.swift in Sources */,
				84FCC1A4286E3DC800C86836 /* Promo+CoreDataProperties.swift in Sources */,
				84FCC1A6286E3DC800C86836 /* ProductCategory+CoreDataProperties.swift in Sources */,
				84FCC1A2286E3DC800C86836 /* ItemHistory+CoreDataProperties.swift in Sources */,
				84FCC180286E360E00C86836 /* ProductCategoryViewModel.swift in Sources */,
				84FCC1A1286E3DC800C86836 /* ItemHistory+CoreDataClass.swift in Sources */,
				84FCC19B286E3DC800C86836 /* User+CoreDataClass.swift in Sources */,
				84705CF9286A2EAF0005B525 /* Revature_P3_PickAndPayStore.xcdatamodeld in Sources */,
				84705CF3286A2EAF0005B525 /* ViewController.swift in Sources */,
				3BCFBE552874695D0092DF27 /* HistoryView.swift in Sources */,
				84FCC188286E368600C86836 /* ProductViewModel.swift in Sources */,
				84FCC1A7286E3DC800C86836 /* Product+CoreDataClass.swift in Sources */,
				84FCC17E286E35F300C86836 /* CartItemViewModel.swift in Sources */,
				84FCC18A286E369C00C86836 /* PastOrderViewModel.swift in Sources */,
				84FCC1A0286E3DC800C86836 /* CartItem+CoreDataProperties.swift in Sources */,
				84FCC19F286E3DC800C86836 /* CartItem+CoreDataClass.swift in Sources */,
				84FCC184286E365E00C86836 /* LoginViewModel.swift in Sources */,
				84FCC19C286E3DC800C86836 /* User+CoreDataProperties.swift in Sources */,
				84FCC1A3286E3DC800C86836 /* Promo+CoreDataClass.swift in Sources */,
				84705CEF286A2EAF0005B525 /* AppDelegate.swift in Sources */,
				3BCFBE57287469F10092DF27 /* HistoryDetailsSwiftUIView.swift in Sources */,
				84705CF1286A2EAF0005B525 /* SceneDelegate.swift in Sources */,
				84FCC182286E364800C86836 /* SignUpViewModel.swift in Sources */,
				84FCC19D286E3DC800C86836 /* WishlistItem+CoreDataClass.swift in Sources */,
			);
			runOnlyForDeploymentPostprocessing = 0;
		};
		84705D00286A2EB10005B525 /* Sources */ = {
			isa = PBXSourcesBuildPhase;
			buildActionMask = 2147483647;
			files = (
				84705D09286A2EB10005B525 /* Revature_P3_PickAndPayStoreTests.swift in Sources */,
			);
			runOnlyForDeploymentPostprocessing = 0;
		};
		84705D0A286A2EB10005B525 /* Sources */ = {
			isa = PBXSourcesBuildPhase;
			buildActionMask = 2147483647;
			files = (
				84705D13286A2EB10005B525 /* Revature_P3_PickAndPayStoreUITests.swift in Sources */,
				84705D15286A2EB10005B525 /* Revature_P3_PickAndPayStoreUITestsLaunchTests.swift in Sources */,
			);
			runOnlyForDeploymentPostprocessing = 0;
		};
/* End PBXSourcesBuildPhase section */

/* Begin PBXTargetDependency section */
		84705D06286A2EB10005B525 /* PBXTargetDependency */ = {
			isa = PBXTargetDependency;
			target = 84705CEA286A2EAF0005B525 /* Revature.P3.PickAndPayStore */;
			targetProxy = 84705D05286A2EB10005B525 /* PBXContainerItemProxy */;
		};
		84705D10286A2EB10005B525 /* PBXTargetDependency */ = {
			isa = PBXTargetDependency;
			target = 84705CEA286A2EAF0005B525 /* Revature.P3.PickAndPayStore */;
			targetProxy = 84705D0F286A2EB10005B525 /* PBXContainerItemProxy */;
		};
/* End PBXTargetDependency section */

/* Begin PBXVariantGroup section */
		84705CF4286A2EAF0005B525 /* Main.storyboard */ = {
			isa = PBXVariantGroup;
			children = (
				84705CF5286A2EAF0005B525 /* Base */,
			);
			name = Main.storyboard;
			sourceTree = "<group>";
		};
		84705CFC286A2EB00005B525 /* LaunchScreen.storyboard */ = {
			isa = PBXVariantGroup;
			children = (
				84705CFD286A2EB00005B525 /* Base */,
			);
			name = LaunchScreen.storyboard;
			sourceTree = "<group>";
		};
/* End PBXVariantGroup section */

/* Begin XCBuildConfiguration section */
		84705D16286A2EB10005B525 /* Debug */ = {
			isa = XCBuildConfiguration;
			buildSettings = {
				ALWAYS_SEARCH_USER_PATHS = NO;
				CLANG_ANALYZER_NONNULL = YES;
				CLANG_ANALYZER_NUMBER_OBJECT_CONVERSION = YES_AGGRESSIVE;
				CLANG_CXX_LANGUAGE_STANDARD = "gnu++17";
				CLANG_CXX_LIBRARY = "libc++";
				CLANG_ENABLE_MODULES = YES;
				CLANG_ENABLE_OBJC_ARC = YES;
				CLANG_ENABLE_OBJC_WEAK = YES;
				CLANG_WARN_BLOCK_CAPTURE_AUTORELEASING = YES;
				CLANG_WARN_BOOL_CONVERSION = YES;
				CLANG_WARN_COMMA = YES;
				CLANG_WARN_CONSTANT_CONVERSION = YES;
				CLANG_WARN_DEPRECATED_OBJC_IMPLEMENTATIONS = YES;
				CLANG_WARN_DIRECT_OBJC_ISA_USAGE = YES_ERROR;
				CLANG_WARN_DOCUMENTATION_COMMENTS = YES;
				CLANG_WARN_EMPTY_BODY = YES;
				CLANG_WARN_ENUM_CONVERSION = YES;
				CLANG_WARN_INFINITE_RECURSION = YES;
				CLANG_WARN_INT_CONVERSION = YES;
				CLANG_WARN_NON_LITERAL_NULL_CONVERSION = YES;
				CLANG_WARN_OBJC_IMPLICIT_RETAIN_SELF = YES;
				CLANG_WARN_OBJC_LITERAL_CONVERSION = YES;
				CLANG_WARN_OBJC_ROOT_CLASS = YES_ERROR;
				CLANG_WARN_QUOTED_INCLUDE_IN_FRAMEWORK_HEADER = YES;
				CLANG_WARN_RANGE_LOOP_ANALYSIS = YES;
				CLANG_WARN_STRICT_PROTOTYPES = YES;
				CLANG_WARN_SUSPICIOUS_MOVE = YES;
				CLANG_WARN_UNGUARDED_AVAILABILITY = YES_AGGRESSIVE;
				CLANG_WARN_UNREACHABLE_CODE = YES;
				CLANG_WARN__DUPLICATE_METHOD_MATCH = YES;
				COPY_PHASE_STRIP = NO;
				DEBUG_INFORMATION_FORMAT = dwarf;
				ENABLE_STRICT_OBJC_MSGSEND = YES;
				ENABLE_TESTABILITY = YES;
				GCC_C_LANGUAGE_STANDARD = gnu11;
				GCC_DYNAMIC_NO_PIC = NO;
				GCC_NO_COMMON_BLOCKS = YES;
				GCC_OPTIMIZATION_LEVEL = 0;
				GCC_PREPROCESSOR_DEFINITIONS = (
					"DEBUG=1",
					"$(inherited)",
				);
				GCC_WARN_64_TO_32_BIT_CONVERSION = YES;
				GCC_WARN_ABOUT_RETURN_TYPE = YES_ERROR;
				GCC_WARN_UNDECLARED_SELECTOR = YES;
				GCC_WARN_UNINITIALIZED_AUTOS = YES_AGGRESSIVE;
				GCC_WARN_UNUSED_FUNCTION = YES;
				GCC_WARN_UNUSED_VARIABLE = YES;
				IPHONEOS_DEPLOYMENT_TARGET = 15.0;
				MTL_ENABLE_DEBUG_INFO = INCLUDE_SOURCE;
				MTL_FAST_MATH = YES;
				ONLY_ACTIVE_ARCH = YES;
				SDKROOT = iphoneos;
				SWIFT_ACTIVE_COMPILATION_CONDITIONS = DEBUG;
				SWIFT_OPTIMIZATION_LEVEL = "-Onone";
			};
			name = Debug;
		};
		84705D17286A2EB10005B525 /* Release */ = {
			isa = XCBuildConfiguration;
			buildSettings = {
				ALWAYS_SEARCH_USER_PATHS = NO;
				CLANG_ANALYZER_NONNULL = YES;
				CLANG_ANALYZER_NUMBER_OBJECT_CONVERSION = YES_AGGRESSIVE;
				CLANG_CXX_LANGUAGE_STANDARD = "gnu++17";
				CLANG_CXX_LIBRARY = "libc++";
				CLANG_ENABLE_MODULES = YES;
				CLANG_ENABLE_OBJC_ARC = YES;
				CLANG_ENABLE_OBJC_WEAK = YES;
				CLANG_WARN_BLOCK_CAPTURE_AUTORELEASING = YES;
				CLANG_WARN_BOOL_CONVERSION = YES;
				CLANG_WARN_COMMA = YES;
				CLANG_WARN_CONSTANT_CONVERSION = YES;
				CLANG_WARN_DEPRECATED_OBJC_IMPLEMENTATIONS = YES;
				CLANG_WARN_DIRECT_OBJC_ISA_USAGE = YES_ERROR;
				CLANG_WARN_DOCUMENTATION_COMMENTS = YES;
				CLANG_WARN_EMPTY_BODY = YES;
				CLANG_WARN_ENUM_CONVERSION = YES;
				CLANG_WARN_INFINITE_RECURSION = YES;
				CLANG_WARN_INT_CONVERSION = YES;
				CLANG_WARN_NON_LITERAL_NULL_CONVERSION = YES;
				CLANG_WARN_OBJC_IMPLICIT_RETAIN_SELF = YES;
				CLANG_WARN_OBJC_LITERAL_CONVERSION = YES;
				CLANG_WARN_OBJC_ROOT_CLASS = YES_ERROR;
				CLANG_WARN_QUOTED_INCLUDE_IN_FRAMEWORK_HEADER = YES;
				CLANG_WARN_RANGE_LOOP_ANALYSIS = YES;
				CLANG_WARN_STRICT_PROTOTYPES = YES;
				CLANG_WARN_SUSPICIOUS_MOVE = YES;
				CLANG_WARN_UNGUARDED_AVAILABILITY = YES_AGGRESSIVE;
				CLANG_WARN_UNREACHABLE_CODE = YES;
				CLANG_WARN__DUPLICATE_METHOD_MATCH = YES;
				COPY_PHASE_STRIP = NO;
				DEBUG_INFORMATION_FORMAT = "dwarf-with-dsym";
				ENABLE_NS_ASSERTIONS = NO;
				ENABLE_STRICT_OBJC_MSGSEND = YES;
				GCC_C_LANGUAGE_STANDARD = gnu11;
				GCC_NO_COMMON_BLOCKS = YES;
				GCC_WARN_64_TO_32_BIT_CONVERSION = YES;
				GCC_WARN_ABOUT_RETURN_TYPE = YES_ERROR;
				GCC_WARN_UNDECLARED_SELECTOR = YES;
				GCC_WARN_UNINITIALIZED_AUTOS = YES_AGGRESSIVE;
				GCC_WARN_UNUSED_FUNCTION = YES;
				GCC_WARN_UNUSED_VARIABLE = YES;
				IPHONEOS_DEPLOYMENT_TARGET = 15.0;
				MTL_ENABLE_DEBUG_INFO = NO;
				MTL_FAST_MATH = YES;
				SDKROOT = iphoneos;
				SWIFT_COMPILATION_MODE = wholemodule;
				SWIFT_OPTIMIZATION_LEVEL = "-O";
				VALIDATE_PRODUCT = YES;
			};
			name = Release;
		};
		84705D19286A2EB10005B525 /* Debug */ = {
			isa = XCBuildConfiguration;
			buildSettings = {
				ASSETCATALOG_COMPILER_APPICON_NAME = AppIcon;
				ASSETCATALOG_COMPILER_GLOBAL_ACCENT_COLOR_NAME = AccentColor;
				CODE_SIGN_STYLE = Automatic;
				CURRENT_PROJECT_VERSION = 1;
				GENERATE_INFOPLIST_FILE = YES;
				INFOPLIST_FILE = Revature.P3.PickAndPayStore/Info.plist;
				INFOPLIST_KEY_UIApplicationSupportsIndirectInputEvents = YES;
				INFOPLIST_KEY_UILaunchStoryboardName = LaunchScreen;
				INFOPLIST_KEY_UIMainStoryboardFile = Main;
				INFOPLIST_KEY_UISupportedInterfaceOrientations_iPad = "UIInterfaceOrientationPortrait UIInterfaceOrientationPortraitUpsideDown UIInterfaceOrientationLandscapeLeft UIInterfaceOrientationLandscapeRight";
				INFOPLIST_KEY_UISupportedInterfaceOrientations_iPhone = "UIInterfaceOrientationPortrait UIInterfaceOrientationLandscapeLeft UIInterfaceOrientationLandscapeRight";
				LD_RUNPATH_SEARCH_PATHS = (
					"$(inherited)",
					"@executable_path/Frameworks",
				);
				MARKETING_VERSION = 1.0;
				PRODUCT_BUNDLE_IDENTIFIER = "Curts.Revature-P3-PickAndPayStore";
				PRODUCT_NAME = "$(TARGET_NAME)";
				SWIFT_EMIT_LOC_STRINGS = YES;
				SWIFT_VERSION = 5.0;
				TARGETED_DEVICE_FAMILY = "1,2";
			};
			name = Debug;
		};
		84705D1A286A2EB10005B525 /* Release */ = {
			isa = XCBuildConfiguration;
			buildSettings = {
				ASSETCATALOG_COMPILER_APPICON_NAME = AppIcon;
				ASSETCATALOG_COMPILER_GLOBAL_ACCENT_COLOR_NAME = AccentColor;
				CODE_SIGN_STYLE = Automatic;
				CURRENT_PROJECT_VERSION = 1;
				GENERATE_INFOPLIST_FILE = YES;
				INFOPLIST_FILE = Revature.P3.PickAndPayStore/Info.plist;
				INFOPLIST_KEY_UIApplicationSupportsIndirectInputEvents = YES;
				INFOPLIST_KEY_UILaunchStoryboardName = LaunchScreen;
				INFOPLIST_KEY_UIMainStoryboardFile = Main;
				INFOPLIST_KEY_UISupportedInterfaceOrientations_iPad = "UIInterfaceOrientationPortrait UIInterfaceOrientationPortraitUpsideDown UIInterfaceOrientationLandscapeLeft UIInterfaceOrientationLandscapeRight";
				INFOPLIST_KEY_UISupportedInterfaceOrientations_iPhone = "UIInterfaceOrientationPortrait UIInterfaceOrientationLandscapeLeft UIInterfaceOrientationLandscapeRight";
				LD_RUNPATH_SEARCH_PATHS = (
					"$(inherited)",
					"@executable_path/Frameworks",
				);
				MARKETING_VERSION = 1.0;
				PRODUCT_BUNDLE_IDENTIFIER = "Curts.Revature-P3-PickAndPayStore";
				PRODUCT_NAME = "$(TARGET_NAME)";
				SWIFT_EMIT_LOC_STRINGS = YES;
				SWIFT_VERSION = 5.0;
				TARGETED_DEVICE_FAMILY = "1,2";
			};
			name = Release;
		};
		84705D1C286A2EB10005B525 /* Debug */ = {
			isa = XCBuildConfiguration;
			buildSettings = {
				ALWAYS_EMBED_SWIFT_STANDARD_LIBRARIES = YES;
				BUNDLE_LOADER = "$(TEST_HOST)";
				CODE_SIGN_STYLE = Automatic;
				CURRENT_PROJECT_VERSION = 1;
				GENERATE_INFOPLIST_FILE = YES;
				IPHONEOS_DEPLOYMENT_TARGET = 15.0;
				LD_RUNPATH_SEARCH_PATHS = (
					"$(inherited)",
					"@executable_path/Frameworks",
					"@loader_path/Frameworks",
				);
				MARKETING_VERSION = 1.0;
				PRODUCT_BUNDLE_IDENTIFIER = "Curts.Revature-P3-PickAndPayStoreTests";
				PRODUCT_NAME = "$(TARGET_NAME)";
				SWIFT_EMIT_LOC_STRINGS = NO;
				SWIFT_VERSION = 5.0;
				TARGETED_DEVICE_FAMILY = "1,2";
				TEST_HOST = "$(BUILT_PRODUCTS_DIR)/Revature.P3.PickAndPayStore.app/Revature.P3.PickAndPayStore";
			};
			name = Debug;
		};
		84705D1D286A2EB10005B525 /* Release */ = {
			isa = XCBuildConfiguration;
			buildSettings = {
				ALWAYS_EMBED_SWIFT_STANDARD_LIBRARIES = YES;
				BUNDLE_LOADER = "$(TEST_HOST)";
				CODE_SIGN_STYLE = Automatic;
				CURRENT_PROJECT_VERSION = 1;
				GENERATE_INFOPLIST_FILE = YES;
				IPHONEOS_DEPLOYMENT_TARGET = 15.0;
				LD_RUNPATH_SEARCH_PATHS = (
					"$(inherited)",
					"@executable_path/Frameworks",
					"@loader_path/Frameworks",
				);
				MARKETING_VERSION = 1.0;
				PRODUCT_BUNDLE_IDENTIFIER = "Curts.Revature-P3-PickAndPayStoreTests";
				PRODUCT_NAME = "$(TARGET_NAME)";
				SWIFT_EMIT_LOC_STRINGS = NO;
				SWIFT_VERSION = 5.0;
				TARGETED_DEVICE_FAMILY = "1,2";
				TEST_HOST = "$(BUILT_PRODUCTS_DIR)/Revature.P3.PickAndPayStore.app/Revature.P3.PickAndPayStore";
			};
			name = Release;
		};
		84705D1F286A2EB10005B525 /* Debug */ = {
			isa = XCBuildConfiguration;
			buildSettings = {
				ALWAYS_EMBED_SWIFT_STANDARD_LIBRARIES = YES;
				CODE_SIGN_STYLE = Automatic;
				CURRENT_PROJECT_VERSION = 1;
				GENERATE_INFOPLIST_FILE = YES;
				LD_RUNPATH_SEARCH_PATHS = (
					"$(inherited)",
					"@executable_path/Frameworks",
					"@loader_path/Frameworks",
				);
				MARKETING_VERSION = 1.0;
				PRODUCT_BUNDLE_IDENTIFIER = "Curts.Revature-P3-PickAndPayStoreUITests";
				PRODUCT_NAME = "$(TARGET_NAME)";
				SWIFT_EMIT_LOC_STRINGS = NO;
				SWIFT_VERSION = 5.0;
				TARGETED_DEVICE_FAMILY = "1,2";
				TEST_TARGET_NAME = Revature.P3.PickAndPayStore;
			};
			name = Debug;
		};
		84705D20286A2EB10005B525 /* Release */ = {
			isa = XCBuildConfiguration;
			buildSettings = {
				ALWAYS_EMBED_SWIFT_STANDARD_LIBRARIES = YES;
				CODE_SIGN_STYLE = Automatic;
				CURRENT_PROJECT_VERSION = 1;
				GENERATE_INFOPLIST_FILE = YES;
				LD_RUNPATH_SEARCH_PATHS = (
					"$(inherited)",
					"@executable_path/Frameworks",
					"@loader_path/Frameworks",
				);
				MARKETING_VERSION = 1.0;
				PRODUCT_BUNDLE_IDENTIFIER = "Curts.Revature-P3-PickAndPayStoreUITests";
				PRODUCT_NAME = "$(TARGET_NAME)";
				SWIFT_EMIT_LOC_STRINGS = NO;
				SWIFT_VERSION = 5.0;
				TARGETED_DEVICE_FAMILY = "1,2";
				TEST_TARGET_NAME = Revature.P3.PickAndPayStore;
			};
			name = Release;
		};
/* End XCBuildConfiguration section */

/* Begin XCConfigurationList section */
		84705CE6286A2EAF0005B525 /* Build configuration list for PBXProject "Revature.P3.PickAndPayStore" */ = {
			isa = XCConfigurationList;
			buildConfigurations = (
				84705D16286A2EB10005B525 /* Debug */,
				84705D17286A2EB10005B525 /* Release */,
			);
			defaultConfigurationIsVisible = 0;
			defaultConfigurationName = Release;
		};
		84705D18286A2EB10005B525 /* Build configuration list for PBXNativeTarget "Revature.P3.PickAndPayStore" */ = {
			isa = XCConfigurationList;
			buildConfigurations = (
				84705D19286A2EB10005B525 /* Debug */,
				84705D1A286A2EB10005B525 /* Release */,
			);
			defaultConfigurationIsVisible = 0;
			defaultConfigurationName = Release;
		};
		84705D1B286A2EB10005B525 /* Build configuration list for PBXNativeTarget "Revature.P3.PickAndPayStoreTests" */ = {
			isa = XCConfigurationList;
			buildConfigurations = (
				84705D1C286A2EB10005B525 /* Debug */,
				84705D1D286A2EB10005B525 /* Release */,
			);
			defaultConfigurationIsVisible = 0;
			defaultConfigurationName = Release;
		};
		84705D1E286A2EB10005B525 /* Build configuration list for PBXNativeTarget "Revature.P3.PickAndPayStoreUITests" */ = {
			isa = XCConfigurationList;
			buildConfigurations = (
				84705D1F286A2EB10005B525 /* Debug */,
				84705D20286A2EB10005B525 /* Release */,
			);
			defaultConfigurationIsVisible = 0;
			defaultConfigurationName = Release;
		};
/* End XCConfigurationList section */

/* Begin XCVersionGroup section */
		84705CF7286A2EAF0005B525 /* Revature_P3_PickAndPayStore.xcdatamodeld */ = {
			isa = XCVersionGroup;
			children = (
				84705CF8286A2EAF0005B525 /* Revature_P3_PickAndPayStore.xcdatamodel */,
			);
			currentVersion = 84705CF8286A2EAF0005B525 /* Revature_P3_PickAndPayStore.xcdatamodel */;
			path = Revature_P3_PickAndPayStore.xcdatamodeld;
			sourceTree = "<group>";
			versionGroupType = wrapper.xcdatamodel;
		};
/* End XCVersionGroup section */
	};
	rootObject = 84705CE3286A2EAF0005B525 /* Project object */;
}
