// !$*UTF8*$!
{
	archiveVersion = 1;
	classes = {
	};
	objectVersion = 55;
	objects = {

/* Begin PBXBuildFile section */
		3BC85ABC28856F5D002AD022 /* HistoryItemViewModel.swift in Sources */ = {isa = PBXBuildFile; fileRef = 3BC85ABB28856F5D002AD022 /* HistoryItemViewModel.swift */; };
		3BC85ABF288571E2002AD022 /* HistoryModel.swift in Sources */ = {isa = PBXBuildFile; fileRef = 3BC85ABE288571E1002AD022 /* HistoryModel.swift */; };
		3BC85AC128857F4A002AD022 /* HistoryService.swift in Sources */ = {isa = PBXBuildFile; fileRef = 3BC85AC028857F4A002AD022 /* HistoryService.swift */; };
		4B0986C22881FA3200D61849 /* WishlistItemViewModel.swift in Sources */ = {isa = PBXBuildFile; fileRef = 4B0986C12881FA3200D61849 /* WishlistItemViewModel.swift */; };
		4B0986C52881FAEF00D61849 /* WishListService.swift in Sources */ = {isa = PBXBuildFile; fileRef = 4B0986C42881FAEF00D61849 /* WishListService.swift */; };
		5647C767287D8BB90007A9AD /* CartViewModel.swift in Sources */ = {isa = PBXBuildFile; fileRef = 5647C766287D8BB90007A9AD /* CartViewModel.swift */; };
		84417CCF287387F300207D67 /* ShippingUIView.swift in Sources */ = {isa = PBXBuildFile; fileRef = 84417CCE287387F300207D67 /* ShippingUIView.swift */; };
		8441B9C82878B78F00000888 /* SwiftyJSON in Frameworks */ = {isa = PBXBuildFile; productRef = 8441B9C72878B78F00000888 /* SwiftyJSON */; };
		8446CE35286F78980029D539 /* HomePromoService.swift in Sources */ = {isa = PBXBuildFile; fileRef = 8446CE34286F78980029D539 /* HomePromoService.swift */; };
		8446CE39286F890C0029D539 /* HomeRecommendedService.swift in Sources */ = {isa = PBXBuildFile; fileRef = 8446CE38286F890C0029D539 /* HomeRecommendedService.swift */; };
		845655482873640600AFF23A /* ShippingDetailsView.swift in Sources */ = {isa = PBXBuildFile; fileRef = 845655472873640600AFF23A /* ShippingDetailsView.swift */; };
		8456554A2873645700AFF23A /* PaymentDetailsView.swift in Sources */ = {isa = PBXBuildFile; fileRef = 845655492873645700AFF23A /* PaymentDetailsView.swift */; };
		8456554C2873649800AFF23A /* OrderDetailsView.swift in Sources */ = {isa = PBXBuildFile; fileRef = 8456554B2873649800AFF23A /* OrderDetailsView.swift */; };
		8466067C2877355C00237DE6 /* PaymentAlertView.swift in Sources */ = {isa = PBXBuildFile; fileRef = 8466067B2877355C00237DE6 /* PaymentAlertView.swift */; };
		8466068028773E7000237DE6 /* ShippingDetailsAlertHelper.swift in Sources */ = {isa = PBXBuildFile; fileRef = 8466067F28773E7000237DE6 /* ShippingDetailsAlertHelper.swift */; };
		8466068228773E8900237DE6 /* CardPaymentAlertHelper.swift in Sources */ = {isa = PBXBuildFile; fileRef = 8466068128773E8900237DE6 /* CardPaymentAlertHelper.swift */; };
		846606872877559B00237DE6 /* PaymentDetails.swift in Sources */ = {isa = PBXBuildFile; fileRef = 846606862877559B00237DE6 /* PaymentDetails.swift */; };
		8466068F28775DB300237DE6 /* ShippingDetails.swift in Sources */ = {isa = PBXBuildFile; fileRef = 8466068E28775DB300237DE6 /* ShippingDetails.swift */; };
		84660691287760B300237DE6 /* PaymentFlags.swift in Sources */ = {isa = PBXBuildFile; fileRef = 84660690287760B300237DE6 /* PaymentFlags.swift */; };
		846606932877622200237DE6 /* ShippingDetailsFlags.swift in Sources */ = {isa = PBXBuildFile; fileRef = 846606922877622200237DE6 /* ShippingDetailsFlags.swift */; };
		84705CEF286A2EAF0005B525 /* AppDelegate.swift in Sources */ = {isa = PBXBuildFile; fileRef = 84705CEE286A2EAF0005B525 /* AppDelegate.swift */; };
		84705CF1286A2EAF0005B525 /* SceneDelegate.swift in Sources */ = {isa = PBXBuildFile; fileRef = 84705CF0286A2EAF0005B525 /* SceneDelegate.swift */; };
		84705CF3286A2EAF0005B525 /* ViewController.swift in Sources */ = {isa = PBXBuildFile; fileRef = 84705CF2286A2EAF0005B525 /* ViewController.swift */; };
		84705CF6286A2EAF0005B525 /* Main.storyboard in Resources */ = {isa = PBXBuildFile; fileRef = 84705CF4286A2EAF0005B525 /* Main.storyboard */; };
		84705CF9286A2EAF0005B525 /* Revature_P3_PickAndPayStore.xcdatamodeld in Sources */ = {isa = PBXBuildFile; fileRef = 84705CF7286A2EAF0005B525 /* Revature_P3_PickAndPayStore.xcdatamodeld */; };
		84705CFB286A2EB00005B525 /* Assets.xcassets in Resources */ = {isa = PBXBuildFile; fileRef = 84705CFA286A2EB00005B525 /* Assets.xcassets */; };
		84705CFE286A2EB00005B525 /* LaunchScreen.storyboard in Resources */ = {isa = PBXBuildFile; fileRef = 84705CFC286A2EB00005B525 /* LaunchScreen.storyboard */; };
		84705D09286A2EB10005B525 /* Revature_P3_PickAndPayStoreTests.swift in Sources */ = {isa = PBXBuildFile; fileRef = 84705D08286A2EB10005B525 /* Revature_P3_PickAndPayStoreTests.swift */; };
		84705D13286A2EB10005B525 /* Revature_P3_PickAndPayStoreUITests.swift in Sources */ = {isa = PBXBuildFile; fileRef = 84705D12286A2EB10005B525 /* Revature_P3_PickAndPayStoreUITests.swift */; };
		84705D15286A2EB10005B525 /* Revature_P3_PickAndPayStoreUITestsLaunchTests.swift in Sources */ = {isa = PBXBuildFile; fileRef = 84705D14286A2EB10005B525 /* Revature_P3_PickAndPayStoreUITestsLaunchTests.swift */; };
		847255D928779A8C0012DBE1 /* WishlistItem+CoreDataClass.swift in Sources */ = {isa = PBXBuildFile; fileRef = 847255CB28779A8C0012DBE1 /* WishlistItem+CoreDataClass.swift */; };
		847255DA28779A8C0012DBE1 /* WishlistItem+CoreDataProperties.swift in Sources */ = {isa = PBXBuildFile; fileRef = 847255CC28779A8C0012DBE1 /* WishlistItem+CoreDataProperties.swift */; };
		847255DD28779A8C0012DBE1 /* ProductCategory+CoreDataClass.swift in Sources */ = {isa = PBXBuildFile; fileRef = 847255CF28779A8C0012DBE1 /* ProductCategory+CoreDataClass.swift */; };
		847255DE28779A8C0012DBE1 /* ProductCategory+CoreDataProperties.swift in Sources */ = {isa = PBXBuildFile; fileRef = 847255D028779A8C0012DBE1 /* ProductCategory+CoreDataProperties.swift */; };
		847255DF28779A8C0012DBE1 /* CartItem+CoreDataClass.swift in Sources */ = {isa = PBXBuildFile; fileRef = 847255D128779A8C0012DBE1 /* CartItem+CoreDataClass.swift */; };
		847255E028779A8C0012DBE1 /* CartItem+CoreDataProperties.swift in Sources */ = {isa = PBXBuildFile; fileRef = 847255D228779A8C0012DBE1 /* CartItem+CoreDataProperties.swift */; };
		847255E128779A8C0012DBE1 /* Product+CoreDataClass.swift in Sources */ = {isa = PBXBuildFile; fileRef = 847255D328779A8C0012DBE1 /* Product+CoreDataClass.swift */; };
		847255E228779A8C0012DBE1 /* Product+CoreDataProperties.swift in Sources */ = {isa = PBXBuildFile; fileRef = 847255D428779A8C0012DBE1 /* Product+CoreDataProperties.swift */; };
		847255E528779A8C0012DBE1 /* Promo+CoreDataClass.swift in Sources */ = {isa = PBXBuildFile; fileRef = 847255D728779A8C0012DBE1 /* Promo+CoreDataClass.swift */; };
		847255E628779A8C0012DBE1 /* Promo+CoreDataProperties.swift in Sources */ = {isa = PBXBuildFile; fileRef = 847255D828779A8C0012DBE1 /* Promo+CoreDataProperties.swift */; };
		847255F228779B220012DBE1 /* LoginViewModel.swift in Sources */ = {isa = PBXBuildFile; fileRef = 847255EA28779B220012DBE1 /* LoginViewModel.swift */; };
		847255F328779B220012DBE1 /* SignUpViewModel.swift in Sources */ = {isa = PBXBuildFile; fileRef = 847255EB28779B220012DBE1 /* SignUpViewModel.swift */; };
		847255F428779B220012DBE1 /* PastOrderViewModel.swift in Sources */ = {isa = PBXBuildFile; fileRef = 847255EC28779B220012DBE1 /* PastOrderViewModel.swift */; };
		847255F628779B220012DBE1 /* PromoViewModel.swift in Sources */ = {isa = PBXBuildFile; fileRef = 847255EE28779B220012DBE1 /* PromoViewModel.swift */; };
		847255F728779B220012DBE1 /* CartItemViewModel.swift in Sources */ = {isa = PBXBuildFile; fileRef = 847255EF28779B220012DBE1 /* CartItemViewModel.swift */; };
		847255F828779B220012DBE1 /* ProductCategoryViewModel.swift in Sources */ = {isa = PBXBuildFile; fileRef = 847255F028779B220012DBE1 /* ProductCategoryViewModel.swift */; };
		848C9D3B2877A68B00F45B7D /* HomeRecommendedViewModel.swift in Sources */ = {isa = PBXBuildFile; fileRef = 848C9D3A2877A68B00F45B7D /* HomeRecommendedViewModel.swift */; };
		8495CDD1287DF7D500493BAF /* DBHelperWishlist.swift in Sources */ = {isa = PBXBuildFile; fileRef = 8495CDD0287DF7D500493BAF /* DBHelperWishlist.swift */; };
		8495CDD3287DF7EB00493BAF /* DBHelperCheckoutItem.swift in Sources */ = {isa = PBXBuildFile; fileRef = 8495CDD2287DF7EB00493BAF /* DBHelperCheckoutItem.swift */; };
		84A6C973286A3EC60032529A /* HomeViewController.swift in Sources */ = {isa = PBXBuildFile; fileRef = 84A6C972286A3EC60032529A /* HomeViewController.swift */; };
		84A6C97C286A4F360032529A /* HomeProductCollectionViewCell.swift in Sources */ = {isa = PBXBuildFile; fileRef = 84A6C97B286A4F360032529A /* HomeProductCollectionViewCell.swift */; };
		84A6C97E286A4F4F0032529A /* HomePromoCollectionViewCell.swift in Sources */ = {isa = PBXBuildFile; fileRef = 84A6C97D286A4F4F0032529A /* HomePromoCollectionViewCell.swift */; };
		84A6C980286A4F710032529A /* HomeRecommendedCollectionViewCell.swift in Sources */ = {isa = PBXBuildFile; fileRef = 84A6C97F286A4F710032529A /* HomeRecommendedCollectionViewCell.swift */; };
		84A6C982286A4FCA0032529A /* HomePageStoryboard.storyboard in Resources */ = {isa = PBXBuildFile; fileRef = 84A6C981286A4FCA0032529A /* HomePageStoryboard.storyboard */; };
		84A6C984286A57840032529A /* HomeCollectionHelper.swift in Sources */ = {isa = PBXBuildFile; fileRef = 84A6C983286A57840032529A /* HomeCollectionHelper.swift */; };
		84B0A951287B8022007EACEB /* CategoryHelper.swift in Sources */ = {isa = PBXBuildFile; fileRef = 84B0A950287B8022007EACEB /* CategoryHelper.swift */; };
		84B0A953287B8406007EACEB /* PromoHelper.swift in Sources */ = {isa = PBXBuildFile; fileRef = 84B0A952287B8406007EACEB /* PromoHelper.swift */; };
		84B118E72880DA1600FD1F58 /* SearchTableViewCell.swift in Sources */ = {isa = PBXBuildFile; fileRef = 84B118E62880DA1600FD1F58 /* SearchTableViewCell.swift */; };
		84BBDAE62886063C00106E2D /* ProductsViewModel.swift in Sources */ = {isa = PBXBuildFile; fileRef = 84BBDACE2886063C00106E2D /* ProductsViewModel.swift */; };
		84BBDAE72886063C00106E2D /* SearchProductsViewModel.swift in Sources */ = {isa = PBXBuildFile; fileRef = 84BBDACF2886063C00106E2D /* SearchProductsViewModel.swift */; };
		84BBDAE82886063C00106E2D /* ProductViewModel.swift in Sources */ = {isa = PBXBuildFile; fileRef = 84BBDAD02886063C00106E2D /* ProductViewModel.swift */; };
		84BBDAE92886063C00106E2D /* ProductsModel.swift in Sources */ = {isa = PBXBuildFile; fileRef = 84BBDAD22886063C00106E2D /* ProductsModel.swift */; };
		84BBDAEA2886063C00106E2D /* SearchProductsModel.swift in Sources */ = {isa = PBXBuildFile; fileRef = 84BBDAD32886063C00106E2D /* SearchProductsModel.swift */; };
		84BBDAEB2886063C00106E2D /* ProductCollectionViewCell.xib in Resources */ = {isa = PBXBuildFile; fileRef = 84BBDAD52886063C00106E2D /* ProductCollectionViewCell.xib */; };
		84BBDAEC2886063C00106E2D /* ProductsTableViewCell.xib in Resources */ = {isa = PBXBuildFile; fileRef = 84BBDAD62886063C00106E2D /* ProductsTableViewCell.xib */; };
		84BBDAED2886063C00106E2D /* ProductsTableViewCell.swift in Sources */ = {isa = PBXBuildFile; fileRef = 84BBDAD72886063C00106E2D /* ProductsTableViewCell.swift */; };
		84BBDAEE2886063C00106E2D /* CategoryCollectionViewCell.swift in Sources */ = {isa = PBXBuildFile; fileRef = 84BBDAD82886063C00106E2D /* CategoryCollectionViewCell.swift */; };
		84BBDAEF2886063C00106E2D /* CategoryCollectionViewCell.xib in Resources */ = {isa = PBXBuildFile; fileRef = 84BBDAD92886063C00106E2D /* CategoryCollectionViewCell.xib */; };
		84BBDAF02886063C00106E2D /* Products.storyboard in Resources */ = {isa = PBXBuildFile; fileRef = 84BBDADA2886063C00106E2D /* Products.storyboard */; };
		84BBDAF12886063C00106E2D /* ProductCollectionViewCell.swift in Sources */ = {isa = PBXBuildFile; fileRef = 84BBDADB2886063C00106E2D /* ProductCollectionViewCell.swift */; };
		84BBDAF22886063C00106E2D /* ProductsViewController.swift in Sources */ = {isa = PBXBuildFile; fileRef = 84BBDADD2886063C00106E2D /* ProductsViewController.swift */; };
		84BBDAF32886063C00106E2D /* ProductViewController.swift in Sources */ = {isa = PBXBuildFile; fileRef = 84BBDADE2886063C00106E2D /* ProductViewController.swift */; };
		84BBDAF42886063C00106E2D /* ProductCategoryViewController.swift in Sources */ = {isa = PBXBuildFile; fileRef = 84BBDADF2886063C00106E2D /* ProductCategoryViewController.swift */; };
		84BBDAF52886063C00106E2D /* DBHelperPoductApi.swift in Sources */ = {isa = PBXBuildFile; fileRef = 84BBDAE12886063C00106E2D /* DBHelperPoductApi.swift */; };
		84BBDAF62886063C00106E2D /* ProductErrors.swift in Sources */ = {isa = PBXBuildFile; fileRef = 84BBDAE22886063C00106E2D /* ProductErrors.swift */; };
		84BBDAF72886063C00106E2D /* ProductService.swift in Sources */ = {isa = PBXBuildFile; fileRef = 84BBDAE32886063C00106E2D /* ProductService.swift */; };
		84BBDAF82886063C00106E2D /* SearchedProductApiService.swift in Sources */ = {isa = PBXBuildFile; fileRef = 84BBDAE42886063C00106E2D /* SearchedProductApiService.swift */; };
		84BBDAF92886063C00106E2D /* ProductApiService.swift in Sources */ = {isa = PBXBuildFile; fileRef = 84BBDAE52886063C00106E2D /* ProductApiService.swift */; };
		84BBDB0328865BB300106E2D /* Purchased.storyboard in Resources */ = {isa = PBXBuildFile; fileRef = 84BBDAFE28865BB300106E2D /* Purchased.storyboard */; };
		84BBDB0428865BB300106E2D /* PurchasedViewController.swift in Sources */ = {isa = PBXBuildFile; fileRef = 84BBDB0028865BB300106E2D /* PurchasedViewController.swift */; };
		84BBDB0528865BB300106E2D /* PurchasedService.swift in Sources */ = {isa = PBXBuildFile; fileRef = 84BBDB0228865BB300106E2D /* PurchasedService.swift */; };
		84BBDB0C2886A79800106E2D /* PurchasedItemsTableViewCell.swift in Sources */ = {isa = PBXBuildFile; fileRef = 84BBDB0A2886A79800106E2D /* PurchasedItemsTableViewCell.swift */; };
		84BBDB0D2886A79800106E2D /* PurchasedItemsTableViewCell.xib in Resources */ = {isa = PBXBuildFile; fileRef = 84BBDB0B2886A79800106E2D /* PurchasedItemsTableViewCell.xib */; };
		84BBDB0F2886B9D600106E2D /* PurchasedItemViewModel.swift in Sources */ = {isa = PBXBuildFile; fileRef = 84BBDB0E2886B9D600106E2D /* PurchasedItemViewModel.swift */; };
		84BBDB122888179500106E2D /* ItemHistory+CoreDataClass.swift in Sources */ = {isa = PBXBuildFile; fileRef = 84BBDB102888179500106E2D /* ItemHistory+CoreDataClass.swift */; };
		84BBDB132888179500106E2D /* ItemHistory+CoreDataProperties.swift in Sources */ = {isa = PBXBuildFile; fileRef = 84BBDB112888179500106E2D /* ItemHistory+CoreDataProperties.swift */; };
		84BF33622878ACD900E9C29A /* LoginStoryboard.storyboard in Resources */ = {isa = PBXBuildFile; fileRef = 84BF335B2878ACD900E9C29A /* LoginStoryboard.storyboard */; };
		84BF33632878ACD900E9C29A /* LoginViewController.swift in Sources */ = {isa = PBXBuildFile; fileRef = 84BF335C2878ACD900E9C29A /* LoginViewController.swift */; };
		84BF33642878ACD900E9C29A /* SignInStoryboard.storyboard in Resources */ = {isa = PBXBuildFile; fileRef = 84BF335E2878ACD900E9C29A /* SignInStoryboard.storyboard */; };
		84BF33652878ACD900E9C29A /* SignInViewController.swift in Sources */ = {isa = PBXBuildFile; fileRef = 84BF335F2878ACD900E9C29A /* SignInViewController.swift */; };
		84BF33662878ACD900E9C29A /* DBHelperUser.swift in Sources */ = {isa = PBXBuildFile; fileRef = 84BF33612878ACD900E9C29A /* DBHelperUser.swift */; };
		84BF33682878ACEB00E9C29A /* CurrentUser.swift in Sources */ = {isa = PBXBuildFile; fileRef = 84BF33672878ACEB00E9C29A /* CurrentUser.swift */; };
		84BF336D2878AD1600E9C29A /* CartViewController.swift in Sources */ = {isa = PBXBuildFile; fileRef = 84BF336A2878AD1600E9C29A /* CartViewController.swift */; };
		84BF336E2878AD1600E9C29A /* Cart.storyboard in Resources */ = {isa = PBXBuildFile; fileRef = 84BF336B2878AD1600E9C29A /* Cart.storyboard */; };
		84BF336F2878AD1600E9C29A /* CartCell.swift in Sources */ = {isa = PBXBuildFile; fileRef = 84BF336C2878AD1600E9C29A /* CartCell.swift */; };
		84BF33762878AD3800E9C29A /* HistoryDBHelper.swift in Sources */ = {isa = PBXBuildFile; fileRef = 84BF33722878AD3800E9C29A /* HistoryDBHelper.swift */; };
		84BF33772878AD3800E9C29A /* HistoryDetailsSwiftUIView.swift in Sources */ = {isa = PBXBuildFile; fileRef = 84BF33742878AD3800E9C29A /* HistoryDetailsSwiftUIView.swift */; };
		84BF33782878AD3800E9C29A /* HistoryView.swift in Sources */ = {isa = PBXBuildFile; fileRef = 84BF33752878AD3800E9C29A /* HistoryView.swift */; };
		84BF33A52878BB1E00E9C29A /* DBHelperProducts.swift in Sources */ = {isa = PBXBuildFile; fileRef = 84BF33A42878BB1E00E9C29A /* DBHelperProducts.swift */; };
		84BF33A72878BECB00E9C29A /* ProductHelper.swift in Sources */ = {isa = PBXBuildFile; fileRef = 84BF33A62878BECB00E9C29A /* ProductHelper.swift */; };
		84BF33AA2878D08A00E9C29A /* PaymentStoryboardHost.storyboard in Resources */ = {isa = PBXBuildFile; fileRef = 84BF33A92878D08A00E9C29A /* PaymentStoryboardHost.storyboard */; };
		84C8561A28834F170096AEEC /* HomeSearchHelper.swift in Sources */ = {isa = PBXBuildFile; fileRef = 84C8561928834F170096AEEC /* HomeSearchHelper.swift */; };
		84C8561C28834FCF0096AEEC /* WelcomeView.swift in Sources */ = {isa = PBXBuildFile; fileRef = 84C8561B28834FCF0096AEEC /* WelcomeView.swift */; };
		84CF227F2885E20400FA9B9B /* HomeViewControllerExtensions.swift in Sources */ = {isa = PBXBuildFile; fileRef = 84CF227E2885E20400FA9B9B /* HomeViewControllerExtensions.swift */; };
		84CF22842885E7AA00FA9B9B /* CartServices.swift in Sources */ = {isa = PBXBuildFile; fileRef = 84CF22832885E7AA00FA9B9B /* CartServices.swift */; };
		84CF22862885E7EB00FA9B9B /* CartViewControllerExtensions.swift in Sources */ = {isa = PBXBuildFile; fileRef = 84CF22852885E7EB00FA9B9B /* CartViewControllerExtensions.swift */; };
		84DC542B287E308F0092346E /* CheckoutHistoryHelper.swift in Sources */ = {isa = PBXBuildFile; fileRef = 84DC542A287E308F0092346E /* CheckoutHistoryHelper.swift */; };
		84DC542F287E43460092346E /* NewProduct.swift in Sources */ = {isa = PBXBuildFile; fileRef = 84DC542E287E43460092346E /* NewProduct.swift */; };
		84F2919E28806DF70010D099 /* APIProduct+CoreDataClass.swift in Sources */ = {isa = PBXBuildFile; fileRef = 84F2919A28806DF60010D099 /* APIProduct+CoreDataClass.swift */; };
		84F2919F28806DF70010D099 /* APIProduct+CoreDataProperties.swift in Sources */ = {isa = PBXBuildFile; fileRef = 84F2919B28806DF60010D099 /* APIProduct+CoreDataProperties.swift */; };
		84F291A028806DF70010D099 /* User+CoreDataClass.swift in Sources */ = {isa = PBXBuildFile; fileRef = 84F2919C28806DF60010D099 /* User+CoreDataClass.swift */; };
		84F291A128806DF70010D099 /* User+CoreDataProperties.swift in Sources */ = {isa = PBXBuildFile; fileRef = 84F2919D28806DF60010D099 /* User+CoreDataProperties.swift */; };
		84F291B0288071AE0010D099 /* Media.xcassets in Resources */ = {isa = PBXBuildFile; fileRef = 84F291A5288071AE0010D099 /* Media.xcassets */; };
		84F291B1288071AE0010D099 /* SecondTabChoices.swift in Sources */ = {isa = PBXBuildFile; fileRef = 84F291A7288071AE0010D099 /* SecondTabChoices.swift */; };
		84F291B2288071AE0010D099 /* WishListStoryboard.storyboard in Resources */ = {isa = PBXBuildFile; fileRef = 84F291A9288071AE0010D099 /* WishListStoryboard.storyboard */; };
		84F291B3288071AE0010D099 /* CheckOrderSwiftUI.swift in Sources */ = {isa = PBXBuildFile; fileRef = 84F291AB288071AE0010D099 /* CheckOrderSwiftUI.swift */; };
		84F291B4288071AE0010D099 /* WishContentView.swift in Sources */ = {isa = PBXBuildFile; fileRef = 84F291AC288071AE0010D099 /* WishContentView.swift */; };
		84F291B5288071AE0010D099 /* SecondTabCell.swift in Sources */ = {isa = PBXBuildFile; fileRef = 84F291AD288071AE0010D099 /* SecondTabCell.swift */; };
		84F291B6288071AE0010D099 /* SecondTab.swift in Sources */ = {isa = PBXBuildFile; fileRef = 84F291AE288071AE0010D099 /* SecondTab.swift */; };
		84FCC179286DE90A00C86836 /* HomeProductService.swift in Sources */ = {isa = PBXBuildFile; fileRef = 84FCC178286DE90A00C86836 /* HomeProductService.swift */; };
		84FCC6962875E6D5003D8F0B /* PaymentTextFieldView.swift in Sources */ = {isa = PBXBuildFile; fileRef = 84FCC6952875E6D5003D8F0B /* PaymentTextFieldView.swift */; };
		84FCC69F28760AAF003D8F0B /* PaymentPagesButtonView.swift in Sources */ = {isa = PBXBuildFile; fileRef = 84FCC69E28760AAF003D8F0B /* PaymentPagesButtonView.swift */; };
		84FCC6A12876262D003D8F0B /* ShippingOptionsPickerView.swift in Sources */ = {isa = PBXBuildFile; fileRef = 84FCC6A02876262D003D8F0B /* ShippingOptionsPickerView.swift */; };
		84FCC6A32876280B003D8F0B /* PaymentHelperTypes.swift in Sources */ = {isa = PBXBuildFile; fileRef = 84FCC6A22876280B003D8F0B /* PaymentHelperTypes.swift */; };
		84FCC6A728762E1D003D8F0B /* CheckoutItem.swift in Sources */ = {isa = PBXBuildFile; fileRef = 84FCC6A628762E1C003D8F0B /* CheckoutItem.swift */; };
		84FCC6AA28762EBE003D8F0B /* OrderDetailsService.swift in Sources */ = {isa = PBXBuildFile; fileRef = 84FCC6A928762EBE003D8F0B /* OrderDetailsService.swift */; };
/* End PBXBuildFile section */

/* Begin PBXContainerItemProxy section */
		84705D05286A2EB10005B525 /* PBXContainerItemProxy */ = {
			isa = PBXContainerItemProxy;
			containerPortal = 84705CE3286A2EAF0005B525 /* Project object */;
			proxyType = 1;
			remoteGlobalIDString = 84705CEA286A2EAF0005B525;
			remoteInfo = Revature.P3.PickAndPayStore;
		};
		84705D0F286A2EB10005B525 /* PBXContainerItemProxy */ = {
			isa = PBXContainerItemProxy;
			containerPortal = 84705CE3286A2EAF0005B525 /* Project object */;
			proxyType = 1;
			remoteGlobalIDString = 84705CEA286A2EAF0005B525;
			remoteInfo = Revature.P3.PickAndPayStore;
		};
/* End PBXContainerItemProxy section */

/* Begin PBXFileReference section */
		3BC85ABB28856F5D002AD022 /* HistoryItemViewModel.swift */ = {isa = PBXFileReference; lastKnownFileType = sourcecode.swift; path = HistoryItemViewModel.swift; sourceTree = "<group>"; };
		3BC85ABE288571E1002AD022 /* HistoryModel.swift */ = {isa = PBXFileReference; lastKnownFileType = sourcecode.swift; path = HistoryModel.swift; sourceTree = "<group>"; };
		3BC85AC028857F4A002AD022 /* HistoryService.swift */ = {isa = PBXFileReference; lastKnownFileType = sourcecode.swift; path = HistoryService.swift; sourceTree = "<group>"; };
		4B0986C12881FA3200D61849 /* WishlistItemViewModel.swift */ = {isa = PBXFileReference; lastKnownFileType = sourcecode.swift; path = WishlistItemViewModel.swift; sourceTree = "<group>"; };
		4B0986C42881FAEF00D61849 /* WishListService.swift */ = {isa = PBXFileReference; lastKnownFileType = sourcecode.swift; path = WishListService.swift; sourceTree = "<group>"; };
		5647C766287D8BB90007A9AD /* CartViewModel.swift */ = {isa = PBXFileReference; lastKnownFileType = sourcecode.swift; path = CartViewModel.swift; sourceTree = "<group>"; };
		84417CCE287387F300207D67 /* ShippingUIView.swift */ = {isa = PBXFileReference; lastKnownFileType = sourcecode.swift; path = ShippingUIView.swift; sourceTree = "<group>"; };
		8446CE34286F78980029D539 /* HomePromoService.swift */ = {isa = PBXFileReference; lastKnownFileType = sourcecode.swift; path = HomePromoService.swift; sourceTree = "<group>"; };
		8446CE38286F890C0029D539 /* HomeRecommendedService.swift */ = {isa = PBXFileReference; lastKnownFileType = sourcecode.swift; path = HomeRecommendedService.swift; sourceTree = "<group>"; };
		845655472873640600AFF23A /* ShippingDetailsView.swift */ = {isa = PBXFileReference; lastKnownFileType = sourcecode.swift; path = ShippingDetailsView.swift; sourceTree = "<group>"; };
		845655492873645700AFF23A /* PaymentDetailsView.swift */ = {isa = PBXFileReference; lastKnownFileType = sourcecode.swift; path = PaymentDetailsView.swift; sourceTree = "<group>"; };
		8456554B2873649800AFF23A /* OrderDetailsView.swift */ = {isa = PBXFileReference; lastKnownFileType = sourcecode.swift; path = OrderDetailsView.swift; sourceTree = "<group>"; };
		8466067B2877355C00237DE6 /* PaymentAlertView.swift */ = {isa = PBXFileReference; lastKnownFileType = sourcecode.swift; path = PaymentAlertView.swift; sourceTree = "<group>"; };
		8466067F28773E7000237DE6 /* ShippingDetailsAlertHelper.swift */ = {isa = PBXFileReference; lastKnownFileType = sourcecode.swift; path = ShippingDetailsAlertHelper.swift; sourceTree = "<group>"; };
		8466068128773E8900237DE6 /* CardPaymentAlertHelper.swift */ = {isa = PBXFileReference; lastKnownFileType = sourcecode.swift; path = CardPaymentAlertHelper.swift; sourceTree = "<group>"; };
		846606862877559B00237DE6 /* PaymentDetails.swift */ = {isa = PBXFileReference; lastKnownFileType = sourcecode.swift; path = PaymentDetails.swift; sourceTree = "<group>"; };
		8466068E28775DB300237DE6 /* ShippingDetails.swift */ = {isa = PBXFileReference; lastKnownFileType = sourcecode.swift; path = ShippingDetails.swift; sourceTree = "<group>"; };
		84660690287760B300237DE6 /* PaymentFlags.swift */ = {isa = PBXFileReference; lastKnownFileType = sourcecode.swift; path = PaymentFlags.swift; sourceTree = "<group>"; };
		846606922877622200237DE6 /* ShippingDetailsFlags.swift */ = {isa = PBXFileReference; lastKnownFileType = sourcecode.swift; path = ShippingDetailsFlags.swift; sourceTree = "<group>"; };
		84705CEB286A2EAF0005B525 /* Revature.P3.PickAndPayStore.app */ = {isa = PBXFileReference; explicitFileType = wrapper.application; includeInIndex = 0; path = Revature.P3.PickAndPayStore.app; sourceTree = BUILT_PRODUCTS_DIR; };
		84705CEE286A2EAF0005B525 /* AppDelegate.swift */ = {isa = PBXFileReference; lastKnownFileType = sourcecode.swift; path = AppDelegate.swift; sourceTree = "<group>"; };
		84705CF0286A2EAF0005B525 /* SceneDelegate.swift */ = {isa = PBXFileReference; lastKnownFileType = sourcecode.swift; path = SceneDelegate.swift; sourceTree = "<group>"; };
		84705CF2286A2EAF0005B525 /* ViewController.swift */ = {isa = PBXFileReference; lastKnownFileType = sourcecode.swift; path = ViewController.swift; sourceTree = "<group>"; };
		84705CF5286A2EAF0005B525 /* Base */ = {isa = PBXFileReference; lastKnownFileType = file.storyboard; name = Base; path = Base.lproj/Main.storyboard; sourceTree = "<group>"; };
		84705CF8286A2EAF0005B525 /* Revature_P3_PickAndPayStore.xcdatamodel */ = {isa = PBXFileReference; lastKnownFileType = wrapper.xcdatamodel; path = Revature_P3_PickAndPayStore.xcdatamodel; sourceTree = "<group>"; };
		84705CFA286A2EB00005B525 /* Assets.xcassets */ = {isa = PBXFileReference; lastKnownFileType = folder.assetcatalog; path = Assets.xcassets; sourceTree = "<group>"; };
		84705CFD286A2EB00005B525 /* Base */ = {isa = PBXFileReference; lastKnownFileType = file.storyboard; name = Base; path = Base.lproj/LaunchScreen.storyboard; sourceTree = "<group>"; };
		84705CFF286A2EB00005B525 /* Info.plist */ = {isa = PBXFileReference; lastKnownFileType = text.plist.xml; path = Info.plist; sourceTree = "<group>"; };
		84705D04286A2EB10005B525 /* Revature.P3.PickAndPayStoreTests.xctest */ = {isa = PBXFileReference; explicitFileType = wrapper.cfbundle; includeInIndex = 0; path = Revature.P3.PickAndPayStoreTests.xctest; sourceTree = BUILT_PRODUCTS_DIR; };
		84705D08286A2EB10005B525 /* Revature_P3_PickAndPayStoreTests.swift */ = {isa = PBXFileReference; lastKnownFileType = sourcecode.swift; path = Revature_P3_PickAndPayStoreTests.swift; sourceTree = "<group>"; };
		84705D0E286A2EB10005B525 /* Revature.P3.PickAndPayStoreUITests.xctest */ = {isa = PBXFileReference; explicitFileType = wrapper.cfbundle; includeInIndex = 0; path = Revature.P3.PickAndPayStoreUITests.xctest; sourceTree = BUILT_PRODUCTS_DIR; };
		84705D12286A2EB10005B525 /* Revature_P3_PickAndPayStoreUITests.swift */ = {isa = PBXFileReference; lastKnownFileType = sourcecode.swift; path = Revature_P3_PickAndPayStoreUITests.swift; sourceTree = "<group>"; };
		84705D14286A2EB10005B525 /* Revature_P3_PickAndPayStoreUITestsLaunchTests.swift */ = {isa = PBXFileReference; lastKnownFileType = sourcecode.swift; path = Revature_P3_PickAndPayStoreUITestsLaunchTests.swift; sourceTree = "<group>"; };
		847255CB28779A8C0012DBE1 /* WishlistItem+CoreDataClass.swift */ = {isa = PBXFileReference; lastKnownFileType = sourcecode.swift; path = "WishlistItem+CoreDataClass.swift"; sourceTree = "<group>"; };
		847255CC28779A8C0012DBE1 /* WishlistItem+CoreDataProperties.swift */ = {isa = PBXFileReference; lastKnownFileType = sourcecode.swift; path = "WishlistItem+CoreDataProperties.swift"; sourceTree = "<group>"; };
		847255CF28779A8C0012DBE1 /* ProductCategory+CoreDataClass.swift */ = {isa = PBXFileReference; lastKnownFileType = sourcecode.swift; path = "ProductCategory+CoreDataClass.swift"; sourceTree = "<group>"; };
		847255D028779A8C0012DBE1 /* ProductCategory+CoreDataProperties.swift */ = {isa = PBXFileReference; lastKnownFileType = sourcecode.swift; path = "ProductCategory+CoreDataProperties.swift"; sourceTree = "<group>"; };
		847255D128779A8C0012DBE1 /* CartItem+CoreDataClass.swift */ = {isa = PBXFileReference; lastKnownFileType = sourcecode.swift; path = "CartItem+CoreDataClass.swift"; sourceTree = "<group>"; };
		847255D228779A8C0012DBE1 /* CartItem+CoreDataProperties.swift */ = {isa = PBXFileReference; lastKnownFileType = sourcecode.swift; path = "CartItem+CoreDataProperties.swift"; sourceTree = "<group>"; };
		847255D328779A8C0012DBE1 /* Product+CoreDataClass.swift */ = {isa = PBXFileReference; lastKnownFileType = sourcecode.swift; path = "Product+CoreDataClass.swift"; sourceTree = "<group>"; };
		847255D428779A8C0012DBE1 /* Product+CoreDataProperties.swift */ = {isa = PBXFileReference; lastKnownFileType = sourcecode.swift; path = "Product+CoreDataProperties.swift"; sourceTree = "<group>"; };
		847255D728779A8C0012DBE1 /* Promo+CoreDataClass.swift */ = {isa = PBXFileReference; lastKnownFileType = sourcecode.swift; path = "Promo+CoreDataClass.swift"; sourceTree = "<group>"; };
		847255D828779A8C0012DBE1 /* Promo+CoreDataProperties.swift */ = {isa = PBXFileReference; lastKnownFileType = sourcecode.swift; path = "Promo+CoreDataProperties.swift"; sourceTree = "<group>"; };
		847255EA28779B220012DBE1 /* LoginViewModel.swift */ = {isa = PBXFileReference; fileEncoding = 4; lastKnownFileType = sourcecode.swift; path = LoginViewModel.swift; sourceTree = "<group>"; };
		847255EB28779B220012DBE1 /* SignUpViewModel.swift */ = {isa = PBXFileReference; fileEncoding = 4; lastKnownFileType = sourcecode.swift; path = SignUpViewModel.swift; sourceTree = "<group>"; };
		847255EC28779B220012DBE1 /* PastOrderViewModel.swift */ = {isa = PBXFileReference; fileEncoding = 4; lastKnownFileType = sourcecode.swift; path = PastOrderViewModel.swift; sourceTree = "<group>"; };
		847255EE28779B220012DBE1 /* PromoViewModel.swift */ = {isa = PBXFileReference; fileEncoding = 4; lastKnownFileType = sourcecode.swift; path = PromoViewModel.swift; sourceTree = "<group>"; };
		847255EF28779B220012DBE1 /* CartItemViewModel.swift */ = {isa = PBXFileReference; fileEncoding = 4; lastKnownFileType = sourcecode.swift; path = CartItemViewModel.swift; sourceTree = "<group>"; };
		847255F028779B220012DBE1 /* ProductCategoryViewModel.swift */ = {isa = PBXFileReference; fileEncoding = 4; lastKnownFileType = sourcecode.swift; path = ProductCategoryViewModel.swift; sourceTree = "<group>"; };
		848C9D3A2877A68B00F45B7D /* HomeRecommendedViewModel.swift */ = {isa = PBXFileReference; lastKnownFileType = sourcecode.swift; path = HomeRecommendedViewModel.swift; sourceTree = "<group>"; };
		8495CDD0287DF7D500493BAF /* DBHelperWishlist.swift */ = {isa = PBXFileReference; lastKnownFileType = sourcecode.swift; path = DBHelperWishlist.swift; sourceTree = "<group>"; };
		8495CDD2287DF7EB00493BAF /* DBHelperCheckoutItem.swift */ = {isa = PBXFileReference; lastKnownFileType = sourcecode.swift; path = DBHelperCheckoutItem.swift; sourceTree = "<group>"; };
		84A6C972286A3EC60032529A /* HomeViewController.swift */ = {isa = PBXFileReference; lastKnownFileType = sourcecode.swift; path = HomeViewController.swift; sourceTree = "<group>"; };
		84A6C97B286A4F360032529A /* HomeProductCollectionViewCell.swift */ = {isa = PBXFileReference; lastKnownFileType = sourcecode.swift; path = HomeProductCollectionViewCell.swift; sourceTree = "<group>"; };
		84A6C97D286A4F4F0032529A /* HomePromoCollectionViewCell.swift */ = {isa = PBXFileReference; lastKnownFileType = sourcecode.swift; path = HomePromoCollectionViewCell.swift; sourceTree = "<group>"; };
		84A6C97F286A4F710032529A /* HomeRecommendedCollectionViewCell.swift */ = {isa = PBXFileReference; lastKnownFileType = sourcecode.swift; path = HomeRecommendedCollectionViewCell.swift; sourceTree = "<group>"; };
		84A6C981286A4FCA0032529A /* HomePageStoryboard.storyboard */ = {isa = PBXFileReference; lastKnownFileType = file.storyboard; path = HomePageStoryboard.storyboard; sourceTree = "<group>"; };
		84A6C983286A57840032529A /* HomeCollectionHelper.swift */ = {isa = PBXFileReference; lastKnownFileType = sourcecode.swift; path = HomeCollectionHelper.swift; sourceTree = "<group>"; };
		84B0A950287B8022007EACEB /* CategoryHelper.swift */ = {isa = PBXFileReference; lastKnownFileType = sourcecode.swift; path = CategoryHelper.swift; sourceTree = "<group>"; };
		84B0A952287B8406007EACEB /* PromoHelper.swift */ = {isa = PBXFileReference; lastKnownFileType = sourcecode.swift; path = PromoHelper.swift; sourceTree = "<group>"; };
		84B118E62880DA1600FD1F58 /* SearchTableViewCell.swift */ = {isa = PBXFileReference; lastKnownFileType = sourcecode.swift; path = SearchTableViewCell.swift; sourceTree = "<group>"; };
		84BBDACE2886063C00106E2D /* ProductsViewModel.swift */ = {isa = PBXFileReference; fileEncoding = 4; lastKnownFileType = sourcecode.swift; path = ProductsViewModel.swift; sourceTree = "<group>"; };
		84BBDACF2886063C00106E2D /* SearchProductsViewModel.swift */ = {isa = PBXFileReference; fileEncoding = 4; lastKnownFileType = sourcecode.swift; path = SearchProductsViewModel.swift; sourceTree = "<group>"; };
		84BBDAD02886063C00106E2D /* ProductViewModel.swift */ = {isa = PBXFileReference; fileEncoding = 4; lastKnownFileType = sourcecode.swift; path = ProductViewModel.swift; sourceTree = "<group>"; };
		84BBDAD22886063C00106E2D /* ProductsModel.swift */ = {isa = PBXFileReference; fileEncoding = 4; lastKnownFileType = sourcecode.swift; path = ProductsModel.swift; sourceTree = "<group>"; };
		84BBDAD32886063C00106E2D /* SearchProductsModel.swift */ = {isa = PBXFileReference; fileEncoding = 4; lastKnownFileType = sourcecode.swift; path = SearchProductsModel.swift; sourceTree = "<group>"; };
		84BBDAD52886063C00106E2D /* ProductCollectionViewCell.xib */ = {isa = PBXFileReference; fileEncoding = 4; lastKnownFileType = file.xib; path = ProductCollectionViewCell.xib; sourceTree = "<group>"; };
		84BBDAD62886063C00106E2D /* ProductsTableViewCell.xib */ = {isa = PBXFileReference; fileEncoding = 4; lastKnownFileType = file.xib; path = ProductsTableViewCell.xib; sourceTree = "<group>"; };
		84BBDAD72886063C00106E2D /* ProductsTableViewCell.swift */ = {isa = PBXFileReference; fileEncoding = 4; lastKnownFileType = sourcecode.swift; path = ProductsTableViewCell.swift; sourceTree = "<group>"; };
		84BBDAD82886063C00106E2D /* CategoryCollectionViewCell.swift */ = {isa = PBXFileReference; fileEncoding = 4; lastKnownFileType = sourcecode.swift; path = CategoryCollectionViewCell.swift; sourceTree = "<group>"; };
		84BBDAD92886063C00106E2D /* CategoryCollectionViewCell.xib */ = {isa = PBXFileReference; fileEncoding = 4; lastKnownFileType = file.xib; path = CategoryCollectionViewCell.xib; sourceTree = "<group>"; };
		84BBDADA2886063C00106E2D /* Products.storyboard */ = {isa = PBXFileReference; fileEncoding = 4; lastKnownFileType = file.storyboard; path = Products.storyboard; sourceTree = "<group>"; };
		84BBDADB2886063C00106E2D /* ProductCollectionViewCell.swift */ = {isa = PBXFileReference; fileEncoding = 4; lastKnownFileType = sourcecode.swift; path = ProductCollectionViewCell.swift; sourceTree = "<group>"; };
		84BBDADD2886063C00106E2D /* ProductsViewController.swift */ = {isa = PBXFileReference; fileEncoding = 4; lastKnownFileType = sourcecode.swift; path = ProductsViewController.swift; sourceTree = "<group>"; };
		84BBDADE2886063C00106E2D /* ProductViewController.swift */ = {isa = PBXFileReference; fileEncoding = 4; lastKnownFileType = sourcecode.swift; path = ProductViewController.swift; sourceTree = "<group>"; };
		84BBDADF2886063C00106E2D /* ProductCategoryViewController.swift */ = {isa = PBXFileReference; fileEncoding = 4; lastKnownFileType = sourcecode.swift; path = ProductCategoryViewController.swift; sourceTree = "<group>"; };
		84BBDAE12886063C00106E2D /* DBHelperPoductApi.swift */ = {isa = PBXFileReference; fileEncoding = 4; lastKnownFileType = sourcecode.swift; path = DBHelperPoductApi.swift; sourceTree = "<group>"; };
		84BBDAE22886063C00106E2D /* ProductErrors.swift */ = {isa = PBXFileReference; fileEncoding = 4; lastKnownFileType = sourcecode.swift; path = ProductErrors.swift; sourceTree = "<group>"; };
		84BBDAE32886063C00106E2D /* ProductService.swift */ = {isa = PBXFileReference; fileEncoding = 4; lastKnownFileType = sourcecode.swift; path = ProductService.swift; sourceTree = "<group>"; };
		84BBDAE42886063C00106E2D /* SearchedProductApiService.swift */ = {isa = PBXFileReference; fileEncoding = 4; lastKnownFileType = sourcecode.swift; path = SearchedProductApiService.swift; sourceTree = "<group>"; };
		84BBDAE52886063C00106E2D /* ProductApiService.swift */ = {isa = PBXFileReference; fileEncoding = 4; lastKnownFileType = sourcecode.swift; path = ProductApiService.swift; sourceTree = "<group>"; };
		84BBDAFE28865BB300106E2D /* Purchased.storyboard */ = {isa = PBXFileReference; fileEncoding = 4; lastKnownFileType = file.storyboard; path = Purchased.storyboard; sourceTree = "<group>"; };
		84BBDB0028865BB300106E2D /* PurchasedViewController.swift */ = {isa = PBXFileReference; fileEncoding = 4; lastKnownFileType = sourcecode.swift; path = PurchasedViewController.swift; sourceTree = "<group>"; };
		84BBDB0228865BB300106E2D /* PurchasedService.swift */ = {isa = PBXFileReference; fileEncoding = 4; lastKnownFileType = sourcecode.swift; path = PurchasedService.swift; sourceTree = "<group>"; };
		84BBDB0A2886A79800106E2D /* PurchasedItemsTableViewCell.swift */ = {isa = PBXFileReference; lastKnownFileType = sourcecode.swift; path = PurchasedItemsTableViewCell.swift; sourceTree = "<group>"; };
		84BBDB0B2886A79800106E2D /* PurchasedItemsTableViewCell.xib */ = {isa = PBXFileReference; lastKnownFileType = file.xib; path = PurchasedItemsTableViewCell.xib; sourceTree = "<group>"; };
		84BBDB0E2886B9D600106E2D /* PurchasedItemViewModel.swift */ = {isa = PBXFileReference; lastKnownFileType = sourcecode.swift; path = PurchasedItemViewModel.swift; sourceTree = "<group>"; };
		84BBDB102888179500106E2D /* ItemHistory+CoreDataClass.swift */ = {isa = PBXFileReference; lastKnownFileType = sourcecode.swift; path = "ItemHistory+CoreDataClass.swift"; sourceTree = "<group>"; };
		84BBDB112888179500106E2D /* ItemHistory+CoreDataProperties.swift */ = {isa = PBXFileReference; lastKnownFileType = sourcecode.swift; path = "ItemHistory+CoreDataProperties.swift"; sourceTree = "<group>"; };
		84BF335B2878ACD900E9C29A /* LoginStoryboard.storyboard */ = {isa = PBXFileReference; fileEncoding = 4; lastKnownFileType = file.storyboard; path = LoginStoryboard.storyboard; sourceTree = "<group>"; };
		84BF335C2878ACD900E9C29A /* LoginViewController.swift */ = {isa = PBXFileReference; fileEncoding = 4; lastKnownFileType = sourcecode.swift; path = LoginViewController.swift; sourceTree = "<group>"; };
		84BF335E2878ACD900E9C29A /* SignInStoryboard.storyboard */ = {isa = PBXFileReference; fileEncoding = 4; lastKnownFileType = file.storyboard; path = SignInStoryboard.storyboard; sourceTree = "<group>"; };
		84BF335F2878ACD900E9C29A /* SignInViewController.swift */ = {isa = PBXFileReference; fileEncoding = 4; lastKnownFileType = sourcecode.swift; path = SignInViewController.swift; sourceTree = "<group>"; };
		84BF33612878ACD900E9C29A /* DBHelperUser.swift */ = {isa = PBXFileReference; fileEncoding = 4; lastKnownFileType = sourcecode.swift; path = DBHelperUser.swift; sourceTree = "<group>"; };
		84BF33672878ACEB00E9C29A /* CurrentUser.swift */ = {isa = PBXFileReference; fileEncoding = 4; lastKnownFileType = sourcecode.swift; path = CurrentUser.swift; sourceTree = "<group>"; };
		84BF336A2878AD1600E9C29A /* CartViewController.swift */ = {isa = PBXFileReference; fileEncoding = 4; lastKnownFileType = sourcecode.swift; path = CartViewController.swift; sourceTree = "<group>"; };
		84BF336B2878AD1600E9C29A /* Cart.storyboard */ = {isa = PBXFileReference; fileEncoding = 4; lastKnownFileType = file.storyboard; path = Cart.storyboard; sourceTree = "<group>"; };
		84BF336C2878AD1600E9C29A /* CartCell.swift */ = {isa = PBXFileReference; fileEncoding = 4; lastKnownFileType = sourcecode.swift; path = CartCell.swift; sourceTree = "<group>"; };
		84BF33722878AD3800E9C29A /* HistoryDBHelper.swift */ = {isa = PBXFileReference; fileEncoding = 4; lastKnownFileType = sourcecode.swift; path = HistoryDBHelper.swift; sourceTree = "<group>"; };
		84BF33742878AD3800E9C29A /* HistoryDetailsSwiftUIView.swift */ = {isa = PBXFileReference; fileEncoding = 4; lastKnownFileType = sourcecode.swift; path = HistoryDetailsSwiftUIView.swift; sourceTree = "<group>"; };
		84BF33752878AD3800E9C29A /* HistoryView.swift */ = {isa = PBXFileReference; fileEncoding = 4; lastKnownFileType = sourcecode.swift; path = HistoryView.swift; sourceTree = "<group>"; };
		84BF33A42878BB1E00E9C29A /* DBHelperProducts.swift */ = {isa = PBXFileReference; lastKnownFileType = sourcecode.swift; path = DBHelperProducts.swift; sourceTree = "<group>"; };
		84BF33A62878BECB00E9C29A /* ProductHelper.swift */ = {isa = PBXFileReference; lastKnownFileType = sourcecode.swift; path = ProductHelper.swift; sourceTree = "<group>"; };
		84BF33A92878D08A00E9C29A /* PaymentStoryboardHost.storyboard */ = {isa = PBXFileReference; lastKnownFileType = file.storyboard; path = PaymentStoryboardHost.storyboard; sourceTree = "<group>"; };
		84C8561928834F170096AEEC /* HomeSearchHelper.swift */ = {isa = PBXFileReference; lastKnownFileType = sourcecode.swift; path = HomeSearchHelper.swift; sourceTree = "<group>"; };
		84C8561B28834FCF0096AEEC /* WelcomeView.swift */ = {isa = PBXFileReference; lastKnownFileType = sourcecode.swift; path = WelcomeView.swift; sourceTree = "<group>"; };
		84CF227E2885E20400FA9B9B /* HomeViewControllerExtensions.swift */ = {isa = PBXFileReference; lastKnownFileType = sourcecode.swift; path = HomeViewControllerExtensions.swift; sourceTree = "<group>"; };
		84CF22832885E7AA00FA9B9B /* CartServices.swift */ = {isa = PBXFileReference; lastKnownFileType = sourcecode.swift; path = CartServices.swift; sourceTree = "<group>"; };
		84CF22852885E7EB00FA9B9B /* CartViewControllerExtensions.swift */ = {isa = PBXFileReference; lastKnownFileType = sourcecode.swift; path = CartViewControllerExtensions.swift; sourceTree = "<group>"; };
		84DC542A287E308F0092346E /* CheckoutHistoryHelper.swift */ = {isa = PBXFileReference; lastKnownFileType = sourcecode.swift; path = CheckoutHistoryHelper.swift; sourceTree = "<group>"; };
		84DC542E287E43460092346E /* NewProduct.swift */ = {isa = PBXFileReference; lastKnownFileType = sourcecode.swift; path = NewProduct.swift; sourceTree = "<group>"; };
		84F2919A28806DF60010D099 /* APIProduct+CoreDataClass.swift */ = {isa = PBXFileReference; lastKnownFileType = sourcecode.swift; path = "APIProduct+CoreDataClass.swift"; sourceTree = "<group>"; };
		84F2919B28806DF60010D099 /* APIProduct+CoreDataProperties.swift */ = {isa = PBXFileReference; lastKnownFileType = sourcecode.swift; path = "APIProduct+CoreDataProperties.swift"; sourceTree = "<group>"; };
		84F2919C28806DF60010D099 /* User+CoreDataClass.swift */ = {isa = PBXFileReference; lastKnownFileType = sourcecode.swift; path = "User+CoreDataClass.swift"; sourceTree = "<group>"; };
		84F2919D28806DF60010D099 /* User+CoreDataProperties.swift */ = {isa = PBXFileReference; lastKnownFileType = sourcecode.swift; path = "User+CoreDataProperties.swift"; sourceTree = "<group>"; };
		84F291A5288071AE0010D099 /* Media.xcassets */ = {isa = PBXFileReference; lastKnownFileType = folder.assetcatalog; path = Media.xcassets; sourceTree = "<group>"; };
		84F291A7288071AE0010D099 /* SecondTabChoices.swift */ = {isa = PBXFileReference; fileEncoding = 4; lastKnownFileType = sourcecode.swift; path = SecondTabChoices.swift; sourceTree = "<group>"; };
		84F291A9288071AE0010D099 /* WishListStoryboard.storyboard */ = {isa = PBXFileReference; fileEncoding = 4; lastKnownFileType = file.storyboard; path = WishListStoryboard.storyboard; sourceTree = "<group>"; };
		84F291AB288071AE0010D099 /* CheckOrderSwiftUI.swift */ = {isa = PBXFileReference; fileEncoding = 4; lastKnownFileType = sourcecode.swift; path = CheckOrderSwiftUI.swift; sourceTree = "<group>"; };
		84F291AC288071AE0010D099 /* WishContentView.swift */ = {isa = PBXFileReference; fileEncoding = 4; lastKnownFileType = sourcecode.swift; path = WishContentView.swift; sourceTree = "<group>"; };
		84F291AD288071AE0010D099 /* SecondTabCell.swift */ = {isa = PBXFileReference; fileEncoding = 4; lastKnownFileType = sourcecode.swift; path = SecondTabCell.swift; sourceTree = "<group>"; };
		84F291AE288071AE0010D099 /* SecondTab.swift */ = {isa = PBXFileReference; fileEncoding = 4; lastKnownFileType = sourcecode.swift; path = SecondTab.swift; sourceTree = "<group>"; };
		84FCC178286DE90A00C86836 /* HomeProductService.swift */ = {isa = PBXFileReference; lastKnownFileType = sourcecode.swift; path = HomeProductService.swift; sourceTree = "<group>"; };
		84FCC6952875E6D5003D8F0B /* PaymentTextFieldView.swift */ = {isa = PBXFileReference; lastKnownFileType = sourcecode.swift; path = PaymentTextFieldView.swift; sourceTree = "<group>"; };
		84FCC69E28760AAF003D8F0B /* PaymentPagesButtonView.swift */ = {isa = PBXFileReference; lastKnownFileType = sourcecode.swift; path = PaymentPagesButtonView.swift; sourceTree = "<group>"; };
		84FCC6A02876262D003D8F0B /* ShippingOptionsPickerView.swift */ = {isa = PBXFileReference; lastKnownFileType = sourcecode.swift; path = ShippingOptionsPickerView.swift; sourceTree = "<group>"; };
		84FCC6A22876280B003D8F0B /* PaymentHelperTypes.swift */ = {isa = PBXFileReference; lastKnownFileType = sourcecode.swift; path = PaymentHelperTypes.swift; sourceTree = "<group>"; };
		84FCC6A628762E1C003D8F0B /* CheckoutItem.swift */ = {isa = PBXFileReference; lastKnownFileType = sourcecode.swift; path = CheckoutItem.swift; sourceTree = "<group>"; };
		84FCC6A928762EBE003D8F0B /* OrderDetailsService.swift */ = {isa = PBXFileReference; lastKnownFileType = sourcecode.swift; path = OrderDetailsService.swift; sourceTree = "<group>"; };
/* End PBXFileReference section */

/* Begin PBXFrameworksBuildPhase section */
		84705CE8286A2EAF0005B525 /* Frameworks */ = {
			isa = PBXFrameworksBuildPhase;
			buildActionMask = 2147483647;
			files = (
				8441B9C82878B78F00000888 /* SwiftyJSON in Frameworks */,
			);
			runOnlyForDeploymentPostprocessing = 0;
		};
		84705D01286A2EB10005B525 /* Frameworks */ = {
			isa = PBXFrameworksBuildPhase;
			buildActionMask = 2147483647;
			files = (
			);
			runOnlyForDeploymentPostprocessing = 0;
		};
		84705D0B286A2EB10005B525 /* Frameworks */ = {
			isa = PBXFrameworksBuildPhase;
			buildActionMask = 2147483647;
			files = (
			);
			runOnlyForDeploymentPostprocessing = 0;
		};
/* End PBXFrameworksBuildPhase section */

/* Begin PBXGroup section */
		3BC85AB928856E76002AD022 /* ViewModel */ = {
			isa = PBXGroup;
			children = (
				3BC85ABB28856F5D002AD022 /* HistoryItemViewModel.swift */,
			);
			path = ViewModel;
			sourceTree = "<group>";
		};
		3BC85ABA28856E86002AD022 /* Services */ = {
			isa = PBXGroup;
			children = (
				3BC85AC028857F4A002AD022 /* HistoryService.swift */,
			);
			path = Services;
			sourceTree = "<group>";
		};
		3BC85ABD28857160002AD022 /* Model */ = {
			isa = PBXGroup;
			children = (
				3BC85ABE288571E1002AD022 /* HistoryModel.swift */,
			);
			path = Model;
			sourceTree = "<group>";
		};
		4B0986C32881FABD00D61849 /* Service */ = {
			isa = PBXGroup;
			children = (
				4B0986C42881FAEF00D61849 /* WishListService.swift */,
			);
			path = Service;
			sourceTree = "<group>";
		};
		84152E4B286CDEDB005A101C /* Model */ = {
			isa = PBXGroup;
			children = (
				84DC542E287E43460092346E /* NewProduct.swift */,
			);
			path = Model;
			sourceTree = "<group>";
		};
		84152E4C286CDEEC005A101C /* Controllers */ = {
			isa = PBXGroup;
			children = (
				84A6C972286A3EC60032529A /* HomeViewController.swift */,
				84CF227E2885E20400FA9B9B /* HomeViewControllerExtensions.swift */,
			);
			path = Controllers;
			sourceTree = "<group>";
		};
		84152E4D286CDEF7005A101C /* View */ = {
			isa = PBXGroup;
			children = (
				84A6C976286A4EA50032529A /* HomeCollectionCells */,
				84A6C981286A4FCA0032529A /* HomePageStoryboard.storyboard */,
				84B118E62880DA1600FD1F58 /* SearchTableViewCell.swift */,
				84C8561B28834FCF0096AEEC /* WelcomeView.swift */,
			);
			path = View;
			sourceTree = "<group>";
		};
		84152E55286CE437005A101C /* Helpers */ = {
			isa = PBXGroup;
			children = (
				84A6C983286A57840032529A /* HomeCollectionHelper.swift */,
				84BF33A42878BB1E00E9C29A /* DBHelperProducts.swift */,
				84BF33A62878BECB00E9C29A /* ProductHelper.swift */,
				84B0A950287B8022007EACEB /* CategoryHelper.swift */,
				84B0A952287B8406007EACEB /* PromoHelper.swift */,
				84C8561928834F170096AEEC /* HomeSearchHelper.swift */,
			);
			path = Helpers;
			sourceTree = "<group>";
		};
		84565545287363A300AFF23A /* PaymentPages */ = {
			isa = PBXGroup;
			children = (
				846606832877553300237DE6 /* Model */,
				84FCC6A828762E65003D8F0B /* Services */,
				84FCC6A428762D21003D8F0B /* Helpers */,
				84FCC6A528762DF9003D8F0B /* ViewModel */,
				84565546287363B600AFF23A /* View */,
			);
			path = PaymentPages;
			sourceTree = "<group>";
		};
		84565546287363B600AFF23A /* View */ = {
			isa = PBXGroup;
			children = (
				84417CCE287387F300207D67 /* ShippingUIView.swift */,
				84FCC69B28760927003D8F0B /* ShippingViews */,
				84FCC69C28760934003D8F0B /* OrderViews */,
				84FCC69D2876093D003D8F0B /* PaymentViews */,
				84BF33A92878D08A00E9C29A /* PaymentStoryboardHost.storyboard */,
			);
			path = View;
			sourceTree = "<group>";
		};
		846606832877553300237DE6 /* Model */ = {
			isa = PBXGroup;
			children = (
			);
			path = Model;
			sourceTree = "<group>";
		};
		84705CE2286A2EAF0005B525 = {
			isa = PBXGroup;
			children = (
				847255E728779A910012DBE1 /* Model */,
				84705CED286A2EAF0005B525 /* Revature.P3.PickAndPayStore */,
				84705D07286A2EB10005B525 /* Revature.P3.PickAndPayStoreTests */,
				84705D11286A2EB10005B525 /* Revature.P3.PickAndPayStoreUITests */,
				84705CEC286A2EAF0005B525 /* Products */,
			);
			sourceTree = "<group>";
		};
		84705CEC286A2EAF0005B525 /* Products */ = {
			isa = PBXGroup;
			children = (
				84705CEB286A2EAF0005B525 /* Revature.P3.PickAndPayStore.app */,
				84705D04286A2EB10005B525 /* Revature.P3.PickAndPayStoreTests.xctest */,
				84705D0E286A2EB10005B525 /* Revature.P3.PickAndPayStoreUITests.xctest */,
			);
			name = Products;
			sourceTree = "<group>";
		};
		84705CED286A2EAF0005B525 /* Revature.P3.PickAndPayStore */ = {
			isa = PBXGroup;
			children = (
				84BBDAFA28865BB300106E2D /* PurchasedPage */,
				84BBDACC2886063C00106E2D /* ProductsPage */,
				84F291A2288071AE0010D099 /* WishListPage */,
				84BF33702878AD3800E9C29A /* History */,
				84BF33692878AD1600E9C29A /* Cart Page */,
				84BF33602878ACD900E9C29A /* DBHelperUser */,
				84BF335A2878ACD900E9C29A /* Login */,
				84BF335D2878ACD900E9C29A /* SignIn */,
				847255E928779B220012DBE1 /* ViewModels */,
				84565545287363A300AFF23A /* PaymentPages */,
				84A6C971286A3E960032529A /* HomePage */,
				84705CEE286A2EAF0005B525 /* AppDelegate.swift */,
				84705CF0286A2EAF0005B525 /* SceneDelegate.swift */,
				84705CF2286A2EAF0005B525 /* ViewController.swift */,
				84BF33672878ACEB00E9C29A /* CurrentUser.swift */,
				84705CF4286A2EAF0005B525 /* Main.storyboard */,
				84705CFA286A2EB00005B525 /* Assets.xcassets */,
				84705CFC286A2EB00005B525 /* LaunchScreen.storyboard */,
				84705CFF286A2EB00005B525 /* Info.plist */,
				84705CF7286A2EAF0005B525 /* Revature_P3_PickAndPayStore.xcdatamodeld */,
			);
			path = Revature.P3.PickAndPayStore;
			sourceTree = "<group>";
		};
		84705D07286A2EB10005B525 /* Revature.P3.PickAndPayStoreTests */ = {
			isa = PBXGroup;
			children = (
				84705D08286A2EB10005B525 /* Revature_P3_PickAndPayStoreTests.swift */,
			);
			path = Revature.P3.PickAndPayStoreTests;
			sourceTree = "<group>";
		};
		84705D11286A2EB10005B525 /* Revature.P3.PickAndPayStoreUITests */ = {
			isa = PBXGroup;
			children = (
				84705D12286A2EB10005B525 /* Revature_P3_PickAndPayStoreUITests.swift */,
				84705D14286A2EB10005B525 /* Revature_P3_PickAndPayStoreUITestsLaunchTests.swift */,
			);
			path = Revature.P3.PickAndPayStoreUITests;
			sourceTree = "<group>";
		};
		847255E728779A910012DBE1 /* Model */ = {
			isa = PBXGroup;
			children = (
				847255E828779A9B0012DBE1 /* CoreData */,
			);
			path = Model;
			sourceTree = "<group>";
		};
		847255E828779A9B0012DBE1 /* CoreData */ = {
			isa = PBXGroup;
			children = (
				84F2919A28806DF60010D099 /* APIProduct+CoreDataClass.swift */,
				84F2919B28806DF60010D099 /* APIProduct+CoreDataProperties.swift */,
				84F2919C28806DF60010D099 /* User+CoreDataClass.swift */,
				84F2919D28806DF60010D099 /* User+CoreDataProperties.swift */,
				847255CB28779A8C0012DBE1 /* WishlistItem+CoreDataClass.swift */,
				847255CC28779A8C0012DBE1 /* WishlistItem+CoreDataProperties.swift */,
				847255CF28779A8C0012DBE1 /* ProductCategory+CoreDataClass.swift */,
				847255D028779A8C0012DBE1 /* ProductCategory+CoreDataProperties.swift */,
				847255D128779A8C0012DBE1 /* CartItem+CoreDataClass.swift */,
				847255D228779A8C0012DBE1 /* CartItem+CoreDataProperties.swift */,
				84BBDB102888179500106E2D /* ItemHistory+CoreDataClass.swift */,
				84BBDB112888179500106E2D /* ItemHistory+CoreDataProperties.swift */,
				847255D328779A8C0012DBE1 /* Product+CoreDataClass.swift */,
				847255D428779A8C0012DBE1 /* Product+CoreDataProperties.swift */,
				847255D728779A8C0012DBE1 /* Promo+CoreDataClass.swift */,
				847255D828779A8C0012DBE1 /* Promo+CoreDataProperties.swift */,
			);
			path = CoreData;
			sourceTree = "<group>";
		};
		847255E928779B220012DBE1 /* ViewModels */ = {
			isa = PBXGroup;
			children = (
				847255EA28779B220012DBE1 /* LoginViewModel.swift */,
				847255EB28779B220012DBE1 /* SignUpViewModel.swift */,
				847255EC28779B220012DBE1 /* PastOrderViewModel.swift */,
				847255EE28779B220012DBE1 /* PromoViewModel.swift */,
				847255EF28779B220012DBE1 /* CartItemViewModel.swift */,
				84FCC6A628762E1C003D8F0B /* CheckoutItem.swift */,
				847255F028779B220012DBE1 /* ProductCategoryViewModel.swift */,
				848C9D3A2877A68B00F45B7D /* HomeRecommendedViewModel.swift */,
			);
			path = ViewModels;
			sourceTree = "<group>";
		};
		84A6C971286A3E960032529A /* HomePage */ = {
			isa = PBXGroup;
			children = (
				84FCC177286DE86A00C86836 /* Service */,
				84152E55286CE437005A101C /* Helpers */,
				84152E4D286CDEF7005A101C /* View */,
				84152E4C286CDEEC005A101C /* Controllers */,
				84152E4B286CDEDB005A101C /* Model */,
			);
			path = HomePage;
			sourceTree = "<group>";
		};
		84A6C976286A4EA50032529A /* HomeCollectionCells */ = {
			isa = PBXGroup;
			children = (
				84A6C97B286A4F360032529A /* HomeProductCollectionViewCell.swift */,
				84A6C97D286A4F4F0032529A /* HomePromoCollectionViewCell.swift */,
				84A6C97F286A4F710032529A /* HomeRecommendedCollectionViewCell.swift */,
			);
			path = HomeCollectionCells;
			sourceTree = "<group>";
		};
		84BBDACC2886063C00106E2D /* ProductsPage */ = {
			isa = PBXGroup;
			children = (
				84BBDACD2886063C00106E2D /* ViewModel */,
				84BBDAD12886063C00106E2D /* Model */,
				84BBDAD42886063C00106E2D /* View */,
				84BBDADC2886063C00106E2D /* Controllers */,
				84BBDAE02886063C00106E2D /* Services */,
			);
			path = ProductsPage;
			sourceTree = "<group>";
		};
		84BBDACD2886063C00106E2D /* ViewModel */ = {
			isa = PBXGroup;
			children = (
				84BBDACE2886063C00106E2D /* ProductsViewModel.swift */,
				84BBDACF2886063C00106E2D /* SearchProductsViewModel.swift */,
				84BBDAD02886063C00106E2D /* ProductViewModel.swift */,
			);
			path = ViewModel;
			sourceTree = "<group>";
		};
		84BBDAD12886063C00106E2D /* Model */ = {
			isa = PBXGroup;
			children = (
				84BBDAD22886063C00106E2D /* ProductsModel.swift */,
				84BBDAD32886063C00106E2D /* SearchProductsModel.swift */,
			);
			path = Model;
			sourceTree = "<group>";
		};
		84BBDAD42886063C00106E2D /* View */ = {
			isa = PBXGroup;
			children = (
				84BBDAD52886063C00106E2D /* ProductCollectionViewCell.xib */,
				84BBDAD62886063C00106E2D /* ProductsTableViewCell.xib */,
				84BBDAD72886063C00106E2D /* ProductsTableViewCell.swift */,
				84BBDAD82886063C00106E2D /* CategoryCollectionViewCell.swift */,
				84BBDAD92886063C00106E2D /* CategoryCollectionViewCell.xib */,
				84BBDADA2886063C00106E2D /* Products.storyboard */,
				84BBDADB2886063C00106E2D /* ProductCollectionViewCell.swift */,
			);
			path = View;
			sourceTree = "<group>";
		};
		84BBDADC2886063C00106E2D /* Controllers */ = {
			isa = PBXGroup;
			children = (
				84BBDADD2886063C00106E2D /* ProductsViewController.swift */,
				84BBDADE2886063C00106E2D /* ProductViewController.swift */,
				84BBDADF2886063C00106E2D /* ProductCategoryViewController.swift */,
			);
			path = Controllers;
			sourceTree = "<group>";
		};
		84BBDAE02886063C00106E2D /* Services */ = {
			isa = PBXGroup;
			children = (
				84BBDAE12886063C00106E2D /* DBHelperPoductApi.swift */,
				84BBDAE22886063C00106E2D /* ProductErrors.swift */,
				84BBDAE32886063C00106E2D /* ProductService.swift */,
				84BBDAE42886063C00106E2D /* SearchedProductApiService.swift */,
				84BBDAE52886063C00106E2D /* ProductApiService.swift */,
			);
			path = Services;
			sourceTree = "<group>";
		};
		84BBDAFA28865BB300106E2D /* PurchasedPage */ = {
			isa = PBXGroup;
			children = (
				84BBDAFB28865BB300106E2D /* ViewModel */,
				84BBDAFD28865BB300106E2D /* View */,
				84BBDAFF28865BB300106E2D /* Controllers */,
				84BBDB0128865BB300106E2D /* Services */,
			);
			path = PurchasedPage;
			sourceTree = "<group>";
		};
		84BBDAFB28865BB300106E2D /* ViewModel */ = {
			isa = PBXGroup;
			children = (
				84BBDB0E2886B9D600106E2D /* PurchasedItemViewModel.swift */,
			);
			path = ViewModel;
			sourceTree = "<group>";
		};
		84BBDAFD28865BB300106E2D /* View */ = {
			isa = PBXGroup;
			children = (
				84BBDAFE28865BB300106E2D /* Purchased.storyboard */,
				84BBDB0A2886A79800106E2D /* PurchasedItemsTableViewCell.swift */,
				84BBDB0B2886A79800106E2D /* PurchasedItemsTableViewCell.xib */,
			);
			path = View;
			sourceTree = "<group>";
		};
		84BBDAFF28865BB300106E2D /* Controllers */ = {
			isa = PBXGroup;
			children = (
				84BBDB0028865BB300106E2D /* PurchasedViewController.swift */,
			);
			path = Controllers;
			sourceTree = "<group>";
		};
		84BBDB0128865BB300106E2D /* Services */ = {
			isa = PBXGroup;
			children = (
				84BBDB0228865BB300106E2D /* PurchasedService.swift */,
			);
			path = Services;
			sourceTree = "<group>";
		};
		84BF335A2878ACD900E9C29A /* Login */ = {
			isa = PBXGroup;
			children = (
				84BF335B2878ACD900E9C29A /* LoginStoryboard.storyboard */,
				84BF335C2878ACD900E9C29A /* LoginViewController.swift */,
			);
			path = Login;
			sourceTree = "<group>";
		};
		84BF335D2878ACD900E9C29A /* SignIn */ = {
			isa = PBXGroup;
			children = (
				84BF335E2878ACD900E9C29A /* SignInStoryboard.storyboard */,
				84BF335F2878ACD900E9C29A /* SignInViewController.swift */,
			);
			path = SignIn;
			sourceTree = "<group>";
		};
		84BF33602878ACD900E9C29A /* DBHelperUser */ = {
			isa = PBXGroup;
			children = (
				84BF33612878ACD900E9C29A /* DBHelperUser.swift */,
				8495CDD0287DF7D500493BAF /* DBHelperWishlist.swift */,
				8495CDD2287DF7EB00493BAF /* DBHelperCheckoutItem.swift */,
			);
			path = DBHelperUser;
			sourceTree = "<group>";
		};
		84BF33692878AD1600E9C29A /* Cart Page */ = {
			isa = PBXGroup;
			children = (
				84CF22822885E76B00FA9B9B /* Services */,
				84CF22812885E76100FA9B9B /* View */,
				84CF22802885E73100FA9B9B /* Controller */,
				5647C766287D8BB90007A9AD /* CartViewModel.swift */,
			);
			path = "Cart Page";
			sourceTree = "<group>";
		};
		84BF33702878AD3800E9C29A /* History */ = {
			isa = PBXGroup;
			children = (
				3BC85ABD28857160002AD022 /* Model */,
				3BC85ABA28856E86002AD022 /* Services */,
				3BC85AB928856E76002AD022 /* ViewModel */,
				84BF33712878AD3800E9C29A /* Databases */,
				84BF33732878AD3800E9C29A /* View */,
			);
			path = History;
			sourceTree = "<group>";
		};
		84BF33712878AD3800E9C29A /* Databases */ = {
			isa = PBXGroup;
			children = (
				84BF33722878AD3800E9C29A /* HistoryDBHelper.swift */,
			);
			path = Databases;
			sourceTree = "<group>";
		};
		84BF33732878AD3800E9C29A /* View */ = {
			isa = PBXGroup;
			children = (
				84BF33742878AD3800E9C29A /* HistoryDetailsSwiftUIView.swift */,
				84BF33752878AD3800E9C29A /* HistoryView.swift */,
			);
			path = View;
			sourceTree = "<group>";
		};
		84CF22802885E73100FA9B9B /* Controller */ = {
			isa = PBXGroup;
			children = (
				84BF336A2878AD1600E9C29A /* CartViewController.swift */,
				84CF22852885E7EB00FA9B9B /* CartViewControllerExtensions.swift */,
			);
			path = Controller;
			sourceTree = "<group>";
		};
		84CF22812885E76100FA9B9B /* View */ = {
			isa = PBXGroup;
			children = (
				84BF336B2878AD1600E9C29A /* Cart.storyboard */,
				84BF336C2878AD1600E9C29A /* CartCell.swift */,
			);
			path = View;
			sourceTree = "<group>";
		};
		84CF22822885E76B00FA9B9B /* Services */ = {
			isa = PBXGroup;
			children = (
				84CF22832885E7AA00FA9B9B /* CartServices.swift */,
			);
			path = Services;
			sourceTree = "<group>";
		};
		84F291A2288071AE0010D099 /* WishListPage */ = {
			isa = PBXGroup;
			children = (
				84F291A3288071AE0010D099 /* ViewModel */,
				84F291A5288071AE0010D099 /* Media.xcassets */,
				84F291A6288071AE0010D099 /* Model */,
				84F291A8288071AE0010D099 /* View */,
				84F291AA288071AE0010D099 /* WishListControllers */,
			);
			path = WishListPage;
			sourceTree = "<group>";
		};
		84F291A3288071AE0010D099 /* ViewModel */ = {
			isa = PBXGroup;
			children = (
				4B0986C32881FABD00D61849 /* Service */,
				4B0986C12881FA3200D61849 /* WishlistItemViewModel.swift */,
			);
			path = ViewModel;
			sourceTree = "<group>";
		};
		84F291A6288071AE0010D099 /* Model */ = {
			isa = PBXGroup;
			children = (
				84F291A7288071AE0010D099 /* SecondTabChoices.swift */,
			);
			path = Model;
			sourceTree = "<group>";
		};
		84F291A8288071AE0010D099 /* View */ = {
			isa = PBXGroup;
			children = (
				84F291A9288071AE0010D099 /* WishListStoryboard.storyboard */,
			);
			path = View;
			sourceTree = "<group>";
		};
		84F291AA288071AE0010D099 /* WishListControllers */ = {
			isa = PBXGroup;
			children = (
				84F291AB288071AE0010D099 /* CheckOrderSwiftUI.swift */,
				84F291AC288071AE0010D099 /* WishContentView.swift */,
				84F291AD288071AE0010D099 /* SecondTabCell.swift */,
				84F291AE288071AE0010D099 /* SecondTab.swift */,
			);
			path = WishListControllers;
			sourceTree = "<group>";
		};
		84FCC177286DE86A00C86836 /* Service */ = {
			isa = PBXGroup;
			children = (
				84FCC178286DE90A00C86836 /* HomeProductService.swift */,
				8446CE34286F78980029D539 /* HomePromoService.swift */,
				8446CE38286F890C0029D539 /* HomeRecommendedService.swift */,
			);
			path = Service;
			sourceTree = "<group>";
		};
		84FCC69B28760927003D8F0B /* ShippingViews */ = {
			isa = PBXGroup;
			children = (
				84FCC6A02876262D003D8F0B /* ShippingOptionsPickerView.swift */,
				845655472873640600AFF23A /* ShippingDetailsView.swift */,
			);
			path = ShippingViews;
			sourceTree = "<group>";
		};
		84FCC69C28760934003D8F0B /* OrderViews */ = {
			isa = PBXGroup;
			children = (
				8456554B2873649800AFF23A /* OrderDetailsView.swift */,
			);
			path = OrderViews;
			sourceTree = "<group>";
		};
		84FCC69D2876093D003D8F0B /* PaymentViews */ = {
			isa = PBXGroup;
			children = (
				845655492873645700AFF23A /* PaymentDetailsView.swift */,
				8466067B2877355C00237DE6 /* PaymentAlertView.swift */,
				84FCC6952875E6D5003D8F0B /* PaymentTextFieldView.swift */,
				84FCC69E28760AAF003D8F0B /* PaymentPagesButtonView.swift */,
			);
			path = PaymentViews;
			sourceTree = "<group>";
		};
		84FCC6A428762D21003D8F0B /* Helpers */ = {
			isa = PBXGroup;
			children = (
				84FCC6A22876280B003D8F0B /* PaymentHelperTypes.swift */,
				8466067F28773E7000237DE6 /* ShippingDetailsAlertHelper.swift */,
				8466068128773E8900237DE6 /* CardPaymentAlertHelper.swift */,
				84DC542A287E308F0092346E /* CheckoutHistoryHelper.swift */,
			);
			path = Helpers;
			sourceTree = "<group>";
		};
		84FCC6A528762DF9003D8F0B /* ViewModel */ = {
			isa = PBXGroup;
			children = (
				846606862877559B00237DE6 /* PaymentDetails.swift */,
				8466068E28775DB300237DE6 /* ShippingDetails.swift */,
				84660690287760B300237DE6 /* PaymentFlags.swift */,
				846606922877622200237DE6 /* ShippingDetailsFlags.swift */,
			);
			path = ViewModel;
			sourceTree = "<group>";
		};
		84FCC6A828762E65003D8F0B /* Services */ = {
			isa = PBXGroup;
			children = (
				84FCC6A928762EBE003D8F0B /* OrderDetailsService.swift */,
			);
			path = Services;
			sourceTree = "<group>";
		};
/* End PBXGroup section */

/* Begin PBXNativeTarget section */
		84705CEA286A2EAF0005B525 /* Revature.P3.PickAndPayStore */ = {
			isa = PBXNativeTarget;
			buildConfigurationList = 84705D18286A2EB10005B525 /* Build configuration list for PBXNativeTarget "Revature.P3.PickAndPayStore" */;
			buildPhases = (
				84705CE7286A2EAF0005B525 /* Sources */,
				84705CE8286A2EAF0005B525 /* Frameworks */,
				84705CE9286A2EAF0005B525 /* Resources */,
			);
			buildRules = (
			);
			dependencies = (
			);
			name = Revature.P3.PickAndPayStore;
			packageProductDependencies = (
				8441B9C72878B78F00000888 /* SwiftyJSON */,
			);
			productName = Revature.P3.PickAndPayStore;
			productReference = 84705CEB286A2EAF0005B525 /* Revature.P3.PickAndPayStore.app */;
			productType = "com.apple.product-type.application";
		};
		84705D03286A2EB10005B525 /* Revature.P3.PickAndPayStoreTests */ = {
			isa = PBXNativeTarget;
			buildConfigurationList = 84705D1B286A2EB10005B525 /* Build configuration list for PBXNativeTarget "Revature.P3.PickAndPayStoreTests" */;
			buildPhases = (
				84705D00286A2EB10005B525 /* Sources */,
				84705D01286A2EB10005B525 /* Frameworks */,
				84705D02286A2EB10005B525 /* Resources */,
			);
			buildRules = (
			);
			dependencies = (
				84705D06286A2EB10005B525 /* PBXTargetDependency */,
			);
			name = Revature.P3.PickAndPayStoreTests;
			productName = Revature.P3.PickAndPayStoreTests;
			productReference = 84705D04286A2EB10005B525 /* Revature.P3.PickAndPayStoreTests.xctest */;
			productType = "com.apple.product-type.bundle.unit-test";
		};
		84705D0D286A2EB10005B525 /* Revature.P3.PickAndPayStoreUITests */ = {
			isa = PBXNativeTarget;
			buildConfigurationList = 84705D1E286A2EB10005B525 /* Build configuration list for PBXNativeTarget "Revature.P3.PickAndPayStoreUITests" */;
			buildPhases = (
				84705D0A286A2EB10005B525 /* Sources */,
				84705D0B286A2EB10005B525 /* Frameworks */,
				84705D0C286A2EB10005B525 /* Resources */,
			);
			buildRules = (
			);
			dependencies = (
				84705D10286A2EB10005B525 /* PBXTargetDependency */,
			);
			name = Revature.P3.PickAndPayStoreUITests;
			productName = Revature.P3.PickAndPayStoreUITests;
			productReference = 84705D0E286A2EB10005B525 /* Revature.P3.PickAndPayStoreUITests.xctest */;
			productType = "com.apple.product-type.bundle.ui-testing";
		};
/* End PBXNativeTarget section */

/* Begin PBXProject section */
		84705CE3286A2EAF0005B525 /* Project object */ = {
			isa = PBXProject;
			attributes = {
				BuildIndependentTargetsInParallel = 1;
				LastSwiftUpdateCheck = 1310;
				LastUpgradeCheck = 1310;
				TargetAttributes = {
					84705CEA286A2EAF0005B525 = {
						CreatedOnToolsVersion = 13.1;
					};
					84705D03286A2EB10005B525 = {
						CreatedOnToolsVersion = 13.1;
						TestTargetID = 84705CEA286A2EAF0005B525;
					};
					84705D0D286A2EB10005B525 = {
						CreatedOnToolsVersion = 13.1;
						TestTargetID = 84705CEA286A2EAF0005B525;
					};
				};
			};
			buildConfigurationList = 84705CE6286A2EAF0005B525 /* Build configuration list for PBXProject "Revature.P3.PickAndPayStore" */;
			compatibilityVersion = "Xcode 13.0";
			developmentRegion = en;
			hasScannedForEncodings = 0;
			knownRegions = (
				en,
				Base,
			);
			mainGroup = 84705CE2286A2EAF0005B525;
			packageReferences = (
				8441B9C62878B78F00000888 /* XCRemoteSwiftPackageReference "SwiftyJSON" */,
			);
			productRefGroup = 84705CEC286A2EAF0005B525 /* Products */;
			projectDirPath = "";
			projectRoot = "";
			targets = (
				84705CEA286A2EAF0005B525 /* Revature.P3.PickAndPayStore */,
				84705D03286A2EB10005B525 /* Revature.P3.PickAndPayStoreTests */,
				84705D0D286A2EB10005B525 /* Revature.P3.PickAndPayStoreUITests */,
			);
		};
/* End PBXProject section */

/* Begin PBXResourcesBuildPhase section */
		84705CE9286A2EAF0005B525 /* Resources */ = {
			isa = PBXResourcesBuildPhase;
			buildActionMask = 2147483647;
			files = (
				84705CFE286A2EB00005B525 /* LaunchScreen.storyboard in Resources */,
				84BBDAEC2886063C00106E2D /* ProductsTableViewCell.xib in Resources */,
				84BF33622878ACD900E9C29A /* LoginStoryboard.storyboard in Resources */,
				84F291B0288071AE0010D099 /* Media.xcassets in Resources */,
				84BBDB0D2886A79800106E2D /* PurchasedItemsTableViewCell.xib in Resources */,
				84F291B2288071AE0010D099 /* WishListStoryboard.storyboard in Resources */,
				84705CFB286A2EB00005B525 /* Assets.xcassets in Resources */,
				84BBDB0328865BB300106E2D /* Purchased.storyboard in Resources */,
				84BBDAF02886063C00106E2D /* Products.storyboard in Resources */,
				84BBDAEF2886063C00106E2D /* CategoryCollectionViewCell.xib in Resources */,
				84BBDAEB2886063C00106E2D /* ProductCollectionViewCell.xib in Resources */,
				84705CF6286A2EAF0005B525 /* Main.storyboard in Resources */,
				84BF33AA2878D08A00E9C29A /* PaymentStoryboardHost.storyboard in Resources */,
				84A6C982286A4FCA0032529A /* HomePageStoryboard.storyboard in Resources */,
				84BF33642878ACD900E9C29A /* SignInStoryboard.storyboard in Resources */,
				84BF336E2878AD1600E9C29A /* Cart.storyboard in Resources */,
			);
			runOnlyForDeploymentPostprocessing = 0;
		};
		84705D02286A2EB10005B525 /* Resources */ = {
			isa = PBXResourcesBuildPhase;
			buildActionMask = 2147483647;
			files = (
			);
			runOnlyForDeploymentPostprocessing = 0;
		};
		84705D0C286A2EB10005B525 /* Resources */ = {
			isa = PBXResourcesBuildPhase;
			buildActionMask = 2147483647;
			files = (
			);
			runOnlyForDeploymentPostprocessing = 0;
		};
/* End PBXResourcesBuildPhase section */

/* Begin PBXSourcesBuildPhase section */
		84705CE7286A2EAF0005B525 /* Sources */ = {
			isa = PBXSourcesBuildPhase;
			buildActionMask = 2147483647;
			files = (
				84F2919E28806DF70010D099 /* APIProduct+CoreDataClass.swift in Sources */,
				84BBDAF42886063C00106E2D /* ProductCategoryViewController.swift in Sources */,
				84BBDB0C2886A79800106E2D /* PurchasedItemsTableViewCell.swift in Sources */,
				84BBDAED2886063C00106E2D /* ProductsTableViewCell.swift in Sources */,
				84BBDAE92886063C00106E2D /* ProductsModel.swift in Sources */,
				84FCC69F28760AAF003D8F0B /* PaymentPagesButtonView.swift in Sources */,
				84BBDAF12886063C00106E2D /* ProductCollectionViewCell.swift in Sources */,
				8446CE35286F78980029D539 /* HomePromoService.swift in Sources */,
				8466067C2877355C00237DE6 /* PaymentAlertView.swift in Sources */,
				84BF336D2878AD1600E9C29A /* CartViewController.swift in Sources */,
				84BBDAF72886063C00106E2D /* ProductService.swift in Sources */,
				84A6C984286A57840032529A /* HomeCollectionHelper.swift in Sources */,
				84A6C97E286A4F4F0032529A /* HomePromoCollectionViewCell.swift in Sources */,
				3BC85ABC28856F5D002AD022 /* HistoryItemViewModel.swift in Sources */,
				8495CDD3287DF7EB00493BAF /* DBHelperCheckoutItem.swift in Sources */,
				847255F228779B220012DBE1 /* LoginViewModel.swift in Sources */,
				84BF33A72878BECB00E9C29A /* ProductHelper.swift in Sources */,
				84F291B1288071AE0010D099 /* SecondTabChoices.swift in Sources */,
				84BF33762878AD3800E9C29A /* HistoryDBHelper.swift in Sources */,
				84BBDAF52886063C00106E2D /* DBHelperPoductApi.swift in Sources */,
				4B0986C22881FA3200D61849 /* WishlistItemViewModel.swift in Sources */,
				84A6C973286A3EC60032529A /* HomeViewController.swift in Sources */,
				84C8561C28834FCF0096AEEC /* WelcomeView.swift in Sources */,
				8495CDD1287DF7D500493BAF /* DBHelperWishlist.swift in Sources */,
				84FCC6962875E6D5003D8F0B /* PaymentTextFieldView.swift in Sources */,
				847255E628779A8C0012DBE1 /* Promo+CoreDataProperties.swift in Sources */,
				84FCC6A32876280B003D8F0B /* PaymentHelperTypes.swift in Sources */,
				84F2919F28806DF70010D099 /* APIProduct+CoreDataProperties.swift in Sources */,
				84FCC6A12876262D003D8F0B /* ShippingOptionsPickerView.swift in Sources */,
				8456554A2873645700AFF23A /* PaymentDetailsView.swift in Sources */,
				84BF33662878ACD900E9C29A /* DBHelperUser.swift in Sources */,
				8466068028773E7000237DE6 /* ShippingDetailsAlertHelper.swift in Sources */,
				84BBDB0428865BB300106E2D /* PurchasedViewController.swift in Sources */,
				84A6C97C286A4F360032529A /* HomeProductCollectionViewCell.swift in Sources */,
				847255E228779A8C0012DBE1 /* Product+CoreDataProperties.swift in Sources */,
				848C9D3B2877A68B00F45B7D /* HomeRecommendedViewModel.swift in Sources */,
				847255F428779B220012DBE1 /* PastOrderViewModel.swift in Sources */,
				84660691287760B300237DE6 /* PaymentFlags.swift in Sources */,
				84705CF9286A2EAF0005B525 /* Revature_P3_PickAndPayStore.xcdatamodeld in Sources */,
				3BC85AC128857F4A002AD022 /* HistoryService.swift in Sources */,
				84BBDAEA2886063C00106E2D /* SearchProductsModel.swift in Sources */,
				84F291B3288071AE0010D099 /* CheckOrderSwiftUI.swift in Sources */,
				846606932877622200237DE6 /* ShippingDetailsFlags.swift in Sources */,
				84BBDB132888179500106E2D /* ItemHistory+CoreDataProperties.swift in Sources */,
				84705CF3286A2EAF0005B525 /* ViewController.swift in Sources */,
				84BBDAF92886063C00106E2D /* ProductApiService.swift in Sources */,
				84B0A953287B8406007EACEB /* PromoHelper.swift in Sources */,
				84CF22842885E7AA00FA9B9B /* CartServices.swift in Sources */,
				847255E028779A8C0012DBE1 /* CartItem+CoreDataProperties.swift in Sources */,
				84BBDAF82886063C00106E2D /* SearchedProductApiService.swift in Sources */,
				84417CCF287387F300207D67 /* ShippingUIView.swift in Sources */,
				847255F828779B220012DBE1 /* ProductCategoryViewModel.swift in Sources */,
				84FCC6AA28762EBE003D8F0B /* OrderDetailsService.swift in Sources */,
				5647C767287D8BB90007A9AD /* CartViewModel.swift in Sources */,
				84BF33772878AD3800E9C29A /* HistoryDetailsSwiftUIView.swift in Sources */,
				847255DD28779A8C0012DBE1 /* ProductCategory+CoreDataClass.swift in Sources */,
				84BBDAE72886063C00106E2D /* SearchProductsViewModel.swift in Sources */,
				84CF22862885E7EB00FA9B9B /* CartViewControllerExtensions.swift in Sources */,
				84FCC6A728762E1D003D8F0B /* CheckoutItem.swift in Sources */,
				847255E528779A8C0012DBE1 /* Promo+CoreDataClass.swift in Sources */,
				84BBDAF32886063C00106E2D /* ProductViewController.swift in Sources */,
				847255E128779A8C0012DBE1 /* Product+CoreDataClass.swift in Sources */,
				84BF33632878ACD900E9C29A /* LoginViewController.swift in Sources */,
				84BBDAE62886063C00106E2D /* ProductsViewModel.swift in Sources */,
				847255DF28779A8C0012DBE1 /* CartItem+CoreDataClass.swift in Sources */,
				847255D928779A8C0012DBE1 /* WishlistItem+CoreDataClass.swift in Sources */,
				8466068228773E8900237DE6 /* CardPaymentAlertHelper.swift in Sources */,
				847255DA28779A8C0012DBE1 /* WishlistItem+CoreDataProperties.swift in Sources */,
				84B0A951287B8022007EACEB /* CategoryHelper.swift in Sources */,
				8446CE39286F890C0029D539 /* HomeRecommendedService.swift in Sources */,
				84F291B5288071AE0010D099 /* SecondTabCell.swift in Sources */,
				84BF336F2878AD1600E9C29A /* CartCell.swift in Sources */,
				846606872877559B00237DE6 /* PaymentDetails.swift in Sources */,
				847255F328779B220012DBE1 /* SignUpViewModel.swift in Sources */,
				84BF33A52878BB1E00E9C29A /* DBHelperProducts.swift in Sources */,
				84BBDB0F2886B9D600106E2D /* PurchasedItemViewModel.swift in Sources */,
				84C8561A28834F170096AEEC /* HomeSearchHelper.swift in Sources */,
				84BF33782878AD3800E9C29A /* HistoryView.swift in Sources */,
				84DC542B287E308F0092346E /* CheckoutHistoryHelper.swift in Sources */,
				8466068F28775DB300237DE6 /* ShippingDetails.swift in Sources */,
				84F291A028806DF70010D099 /* User+CoreDataClass.swift in Sources */,
				847255F628779B220012DBE1 /* PromoViewModel.swift in Sources */,
				845655482873640600AFF23A /* ShippingDetailsView.swift in Sources */,
				84BF33652878ACD900E9C29A /* SignInViewController.swift in Sources */,
				847255F728779B220012DBE1 /* CartItemViewModel.swift in Sources */,
				84BBDB122888179500106E2D /* ItemHistory+CoreDataClass.swift in Sources */,
				84A6C980286A4F710032529A /* HomeRecommendedCollectionViewCell.swift in Sources */,
				84B118E72880DA1600FD1F58 /* SearchTableViewCell.swift in Sources */,
				84BBDAF22886063C00106E2D /* ProductsViewController.swift in Sources */,
				84BBDAE82886063C00106E2D /* ProductViewModel.swift in Sources */,
				84BBDAEE2886063C00106E2D /* CategoryCollectionViewCell.swift in Sources */,
				84CF227F2885E20400FA9B9B /* HomeViewControllerExtensions.swift in Sources */,
				847255DE28779A8C0012DBE1 /* ProductCategory+CoreDataProperties.swift in Sources */,
				84BF33682878ACEB00E9C29A /* CurrentUser.swift in Sources */,
				84705CEF286A2EAF0005B525 /* AppDelegate.swift in Sources */,
				84F291A128806DF70010D099 /* User+CoreDataProperties.swift in Sources */,
				84FCC179286DE90A00C86836 /* HomeProductService.swift in Sources */,
				84BBDAF62886063C00106E2D /* ProductErrors.swift in Sources */,
				84F291B4288071AE0010D099 /* WishContentView.swift in Sources */,
				84BBDB0528865BB300106E2D /* PurchasedService.swift in Sources */,
				4B0986C52881FAEF00D61849 /* WishListService.swift in Sources */,
				84F291B6288071AE0010D099 /* SecondTab.swift in Sources */,
				8456554C2873649800AFF23A /* OrderDetailsView.swift in Sources */,
				84705CF1286A2EAF0005B525 /* SceneDelegate.swift in Sources */,
				3BC85ABF288571E2002AD022 /* HistoryModel.swift in Sources */,
				84DC542F287E43460092346E /* NewProduct.swift in Sources */,
			);
			runOnlyForDeploymentPostprocessing = 0;
		};
		84705D00286A2EB10005B525 /* Sources */ = {
			isa = PBXSourcesBuildPhase;
			buildActionMask = 2147483647;
			files = (
				84705D09286A2EB10005B525 /* Revature_P3_PickAndPayStoreTests.swift in Sources */,
			);
			runOnlyForDeploymentPostprocessing = 0;
		};
		84705D0A286A2EB10005B525 /* Sources */ = {
			isa = PBXSourcesBuildPhase;
			buildActionMask = 2147483647;
			files = (
				84705D13286A2EB10005B525 /* Revature_P3_PickAndPayStoreUITests.swift in Sources */,
				84705D15286A2EB10005B525 /* Revature_P3_PickAndPayStoreUITestsLaunchTests.swift in Sources */,
			);
			runOnlyForDeploymentPostprocessing = 0;
		};
/* End PBXSourcesBuildPhase section */

/* Begin PBXTargetDependency section */
		84705D06286A2EB10005B525 /* PBXTargetDependency */ = {
			isa = PBXTargetDependency;
			target = 84705CEA286A2EAF0005B525 /* Revature.P3.PickAndPayStore */;
			targetProxy = 84705D05286A2EB10005B525 /* PBXContainerItemProxy */;
		};
		84705D10286A2EB10005B525 /* PBXTargetDependency */ = {
			isa = PBXTargetDependency;
			target = 84705CEA286A2EAF0005B525 /* Revature.P3.PickAndPayStore */;
			targetProxy = 84705D0F286A2EB10005B525 /* PBXContainerItemProxy */;
		};
/* End PBXTargetDependency section */

/* Begin PBXVariantGroup section */
		84705CF4286A2EAF0005B525 /* Main.storyboard */ = {
			isa = PBXVariantGroup;
			children = (
				84705CF5286A2EAF0005B525 /* Base */,
			);
			name = Main.storyboard;
			sourceTree = "<group>";
		};
		84705CFC286A2EB00005B525 /* LaunchScreen.storyboard */ = {
			isa = PBXVariantGroup;
			children = (
				84705CFD286A2EB00005B525 /* Base */,
			);
			name = LaunchScreen.storyboard;
			sourceTree = "<group>";
		};
/* End PBXVariantGroup section */

/* Begin XCBuildConfiguration section */
		84705D16286A2EB10005B525 /* Debug */ = {
			isa = XCBuildConfiguration;
			buildSettings = {
				ALWAYS_SEARCH_USER_PATHS = NO;
				CLANG_ANALYZER_NONNULL = YES;
				CLANG_ANALYZER_NUMBER_OBJECT_CONVERSION = YES_AGGRESSIVE;
				CLANG_CXX_LANGUAGE_STANDARD = "gnu++17";
				CLANG_CXX_LIBRARY = "libc++";
				CLANG_ENABLE_MODULES = YES;
				CLANG_ENABLE_OBJC_ARC = YES;
				CLANG_ENABLE_OBJC_WEAK = YES;
				CLANG_WARN_BLOCK_CAPTURE_AUTORELEASING = YES;
				CLANG_WARN_BOOL_CONVERSION = YES;
				CLANG_WARN_COMMA = YES;
				CLANG_WARN_CONSTANT_CONVERSION = YES;
				CLANG_WARN_DEPRECATED_OBJC_IMPLEMENTATIONS = YES;
				CLANG_WARN_DIRECT_OBJC_ISA_USAGE = YES_ERROR;
				CLANG_WARN_DOCUMENTATION_COMMENTS = YES;
				CLANG_WARN_EMPTY_BODY = YES;
				CLANG_WARN_ENUM_CONVERSION = YES;
				CLANG_WARN_INFINITE_RECURSION = YES;
				CLANG_WARN_INT_CONVERSION = YES;
				CLANG_WARN_NON_LITERAL_NULL_CONVERSION = YES;
				CLANG_WARN_OBJC_IMPLICIT_RETAIN_SELF = YES;
				CLANG_WARN_OBJC_LITERAL_CONVERSION = YES;
				CLANG_WARN_OBJC_ROOT_CLASS = YES_ERROR;
				CLANG_WARN_QUOTED_INCLUDE_IN_FRAMEWORK_HEADER = YES;
				CLANG_WARN_RANGE_LOOP_ANALYSIS = YES;
				CLANG_WARN_STRICT_PROTOTYPES = YES;
				CLANG_WARN_SUSPICIOUS_MOVE = YES;
				CLANG_WARN_UNGUARDED_AVAILABILITY = YES_AGGRESSIVE;
				CLANG_WARN_UNREACHABLE_CODE = YES;
				CLANG_WARN__DUPLICATE_METHOD_MATCH = YES;
				COPY_PHASE_STRIP = NO;
				DEBUG_INFORMATION_FORMAT = dwarf;
				ENABLE_STRICT_OBJC_MSGSEND = YES;
				ENABLE_TESTABILITY = YES;
				GCC_C_LANGUAGE_STANDARD = gnu11;
				GCC_DYNAMIC_NO_PIC = NO;
				GCC_NO_COMMON_BLOCKS = YES;
				GCC_OPTIMIZATION_LEVEL = 0;
				GCC_PREPROCESSOR_DEFINITIONS = (
					"DEBUG=1",
					"$(inherited)",
				);
				GCC_WARN_64_TO_32_BIT_CONVERSION = YES;
				GCC_WARN_ABOUT_RETURN_TYPE = YES_ERROR;
				GCC_WARN_UNDECLARED_SELECTOR = YES;
				GCC_WARN_UNINITIALIZED_AUTOS = YES_AGGRESSIVE;
				GCC_WARN_UNUSED_FUNCTION = YES;
				GCC_WARN_UNUSED_VARIABLE = YES;
				IPHONEOS_DEPLOYMENT_TARGET = 15.0;
				MTL_ENABLE_DEBUG_INFO = INCLUDE_SOURCE;
				MTL_FAST_MATH = YES;
				ONLY_ACTIVE_ARCH = YES;
				SDKROOT = iphoneos;
				SWIFT_ACTIVE_COMPILATION_CONDITIONS = DEBUG;
				SWIFT_OPTIMIZATION_LEVEL = "-Onone";
			};
			name = Debug;
		};
		84705D17286A2EB10005B525 /* Release */ = {
			isa = XCBuildConfiguration;
			buildSettings = {
				ALWAYS_SEARCH_USER_PATHS = NO;
				CLANG_ANALYZER_NONNULL = YES;
				CLANG_ANALYZER_NUMBER_OBJECT_CONVERSION = YES_AGGRESSIVE;
				CLANG_CXX_LANGUAGE_STANDARD = "gnu++17";
				CLANG_CXX_LIBRARY = "libc++";
				CLANG_ENABLE_MODULES = YES;
				CLANG_ENABLE_OBJC_ARC = YES;
				CLANG_ENABLE_OBJC_WEAK = YES;
				CLANG_WARN_BLOCK_CAPTURE_AUTORELEASING = YES;
				CLANG_WARN_BOOL_CONVERSION = YES;
				CLANG_WARN_COMMA = YES;
				CLANG_WARN_CONSTANT_CONVERSION = YES;
				CLANG_WARN_DEPRECATED_OBJC_IMPLEMENTATIONS = YES;
				CLANG_WARN_DIRECT_OBJC_ISA_USAGE = YES_ERROR;
				CLANG_WARN_DOCUMENTATION_COMMENTS = YES;
				CLANG_WARN_EMPTY_BODY = YES;
				CLANG_WARN_ENUM_CONVERSION = YES;
				CLANG_WARN_INFINITE_RECURSION = YES;
				CLANG_WARN_INT_CONVERSION = YES;
				CLANG_WARN_NON_LITERAL_NULL_CONVERSION = YES;
				CLANG_WARN_OBJC_IMPLICIT_RETAIN_SELF = YES;
				CLANG_WARN_OBJC_LITERAL_CONVERSION = YES;
				CLANG_WARN_OBJC_ROOT_CLASS = YES_ERROR;
				CLANG_WARN_QUOTED_INCLUDE_IN_FRAMEWORK_HEADER = YES;
				CLANG_WARN_RANGE_LOOP_ANALYSIS = YES;
				CLANG_WARN_STRICT_PROTOTYPES = YES;
				CLANG_WARN_SUSPICIOUS_MOVE = YES;
				CLANG_WARN_UNGUARDED_AVAILABILITY = YES_AGGRESSIVE;
				CLANG_WARN_UNREACHABLE_CODE = YES;
				CLANG_WARN__DUPLICATE_METHOD_MATCH = YES;
				COPY_PHASE_STRIP = NO;
				DEBUG_INFORMATION_FORMAT = "dwarf-with-dsym";
				ENABLE_NS_ASSERTIONS = NO;
				ENABLE_STRICT_OBJC_MSGSEND = YES;
				GCC_C_LANGUAGE_STANDARD = gnu11;
				GCC_NO_COMMON_BLOCKS = YES;
				GCC_WARN_64_TO_32_BIT_CONVERSION = YES;
				GCC_WARN_ABOUT_RETURN_TYPE = YES_ERROR;
				GCC_WARN_UNDECLARED_SELECTOR = YES;
				GCC_WARN_UNINITIALIZED_AUTOS = YES_AGGRESSIVE;
				GCC_WARN_UNUSED_FUNCTION = YES;
				GCC_WARN_UNUSED_VARIABLE = YES;
				IPHONEOS_DEPLOYMENT_TARGET = 15.0;
				MTL_ENABLE_DEBUG_INFO = NO;
				MTL_FAST_MATH = YES;
				SDKROOT = iphoneos;
				SWIFT_COMPILATION_MODE = wholemodule;
				SWIFT_OPTIMIZATION_LEVEL = "-O";
				VALIDATE_PRODUCT = YES;
			};
			name = Release;
		};
		84705D19286A2EB10005B525 /* Debug */ = {
			isa = XCBuildConfiguration;
			buildSettings = {
				ASSETCATALOG_COMPILER_APPICON_NAME = AppIcon;
				ASSETCATALOG_COMPILER_GLOBAL_ACCENT_COLOR_NAME = AccentColor;
				CODE_SIGN_STYLE = Automatic;
				CURRENT_PROJECT_VERSION = 1;
				GENERATE_INFOPLIST_FILE = YES;
				INFOPLIST_FILE = Revature.P3.PickAndPayStore/Info.plist;
				INFOPLIST_KEY_UIApplicationSupportsIndirectInputEvents = YES;
				INFOPLIST_KEY_UILaunchStoryboardName = LaunchScreen;
				INFOPLIST_KEY_UIMainStoryboardFile = Main;
				INFOPLIST_KEY_UISupportedInterfaceOrientations_iPad = "UIInterfaceOrientationPortrait UIInterfaceOrientationPortraitUpsideDown UIInterfaceOrientationLandscapeLeft UIInterfaceOrientationLandscapeRight";
				INFOPLIST_KEY_UISupportedInterfaceOrientations_iPhone = "UIInterfaceOrientationPortrait UIInterfaceOrientationLandscapeLeft UIInterfaceOrientationLandscapeRight";
				LD_RUNPATH_SEARCH_PATHS = (
					"$(inherited)",
					"@executable_path/Frameworks",
				);
				MARKETING_VERSION = 1.0;
				PRODUCT_BUNDLE_IDENTIFIER = "Curts.Revature-P3-PickAndPayStore";
				PRODUCT_NAME = "$(TARGET_NAME)";
				SWIFT_EMIT_LOC_STRINGS = YES;
				SWIFT_VERSION = 5.0;
				TARGETED_DEVICE_FAMILY = "1,2";
			};
			name = Debug;
		};
		84705D1A286A2EB10005B525 /* Release */ = {
			isa = XCBuildConfiguration;
			buildSettings = {
				ASSETCATALOG_COMPILER_APPICON_NAME = AppIcon;
				ASSETCATALOG_COMPILER_GLOBAL_ACCENT_COLOR_NAME = AccentColor;
				CODE_SIGN_STYLE = Automatic;
				CURRENT_PROJECT_VERSION = 1;
				GENERATE_INFOPLIST_FILE = YES;
				INFOPLIST_FILE = Revature.P3.PickAndPayStore/Info.plist;
				INFOPLIST_KEY_UIApplicationSupportsIndirectInputEvents = YES;
				INFOPLIST_KEY_UILaunchStoryboardName = LaunchScreen;
				INFOPLIST_KEY_UIMainStoryboardFile = Main;
				INFOPLIST_KEY_UISupportedInterfaceOrientations_iPad = "UIInterfaceOrientationPortrait UIInterfaceOrientationPortraitUpsideDown UIInterfaceOrientationLandscapeLeft UIInterfaceOrientationLandscapeRight";
				INFOPLIST_KEY_UISupportedInterfaceOrientations_iPhone = "UIInterfaceOrientationPortrait UIInterfaceOrientationLandscapeLeft UIInterfaceOrientationLandscapeRight";
				LD_RUNPATH_SEARCH_PATHS = (
					"$(inherited)",
					"@executable_path/Frameworks",
				);
				MARKETING_VERSION = 1.0;
				PRODUCT_BUNDLE_IDENTIFIER = "Curts.Revature-P3-PickAndPayStore";
				PRODUCT_NAME = "$(TARGET_NAME)";
				SWIFT_EMIT_LOC_STRINGS = YES;
				SWIFT_VERSION = 5.0;
				TARGETED_DEVICE_FAMILY = "1,2";
			};
			name = Release;
		};
		84705D1C286A2EB10005B525 /* Debug */ = {
			isa = XCBuildConfiguration;
			buildSettings = {
				ALWAYS_EMBED_SWIFT_STANDARD_LIBRARIES = YES;
				BUNDLE_LOADER = "$(TEST_HOST)";
				CODE_SIGN_STYLE = Automatic;
				CURRENT_PROJECT_VERSION = 1;
				GENERATE_INFOPLIST_FILE = YES;
				IPHONEOS_DEPLOYMENT_TARGET = 15.0;
				LD_RUNPATH_SEARCH_PATHS = (
					"$(inherited)",
					"@executable_path/Frameworks",
					"@loader_path/Frameworks",
				);
				MARKETING_VERSION = 1.0;
				PRODUCT_BUNDLE_IDENTIFIER = "Curts.Revature-P3-PickAndPayStoreTests";
				PRODUCT_NAME = "$(TARGET_NAME)";
				SWIFT_EMIT_LOC_STRINGS = NO;
				SWIFT_VERSION = 5.0;
				TARGETED_DEVICE_FAMILY = "1,2";
				TEST_HOST = "$(BUILT_PRODUCTS_DIR)/Revature.P3.PickAndPayStore.app/Revature.P3.PickAndPayStore";
			};
			name = Debug;
		};
		84705D1D286A2EB10005B525 /* Release */ = {
			isa = XCBuildConfiguration;
			buildSettings = {
				ALWAYS_EMBED_SWIFT_STANDARD_LIBRARIES = YES;
				BUNDLE_LOADER = "$(TEST_HOST)";
				CODE_SIGN_STYLE = Automatic;
				CURRENT_PROJECT_VERSION = 1;
				GENERATE_INFOPLIST_FILE = YES;
				IPHONEOS_DEPLOYMENT_TARGET = 15.0;
				LD_RUNPATH_SEARCH_PATHS = (
					"$(inherited)",
					"@executable_path/Frameworks",
					"@loader_path/Frameworks",
				);
				MARKETING_VERSION = 1.0;
				PRODUCT_BUNDLE_IDENTIFIER = "Curts.Revature-P3-PickAndPayStoreTests";
				PRODUCT_NAME = "$(TARGET_NAME)";
				SWIFT_EMIT_LOC_STRINGS = NO;
				SWIFT_VERSION = 5.0;
				TARGETED_DEVICE_FAMILY = "1,2";
				TEST_HOST = "$(BUILT_PRODUCTS_DIR)/Revature.P3.PickAndPayStore.app/Revature.P3.PickAndPayStore";
			};
			name = Release;
		};
		84705D1F286A2EB10005B525 /* Debug */ = {
			isa = XCBuildConfiguration;
			buildSettings = {
				ALWAYS_EMBED_SWIFT_STANDARD_LIBRARIES = YES;
				CODE_SIGN_STYLE = Automatic;
				CURRENT_PROJECT_VERSION = 1;
				GENERATE_INFOPLIST_FILE = YES;
				LD_RUNPATH_SEARCH_PATHS = (
					"$(inherited)",
					"@executable_path/Frameworks",
					"@loader_path/Frameworks",
				);
				MARKETING_VERSION = 1.0;
				PRODUCT_BUNDLE_IDENTIFIER = "Curts.Revature-P3-PickAndPayStoreUITests";
				PRODUCT_NAME = "$(TARGET_NAME)";
				SWIFT_EMIT_LOC_STRINGS = NO;
				SWIFT_VERSION = 5.0;
				TARGETED_DEVICE_FAMILY = "1,2";
				TEST_TARGET_NAME = Revature.P3.PickAndPayStore;
			};
			name = Debug;
		};
		84705D20286A2EB10005B525 /* Release */ = {
			isa = XCBuildConfiguration;
			buildSettings = {
				ALWAYS_EMBED_SWIFT_STANDARD_LIBRARIES = YES;
				CODE_SIGN_STYLE = Automatic;
				CURRENT_PROJECT_VERSION = 1;
				GENERATE_INFOPLIST_FILE = YES;
				LD_RUNPATH_SEARCH_PATHS = (
					"$(inherited)",
					"@executable_path/Frameworks",
					"@loader_path/Frameworks",
				);
				MARKETING_VERSION = 1.0;
				PRODUCT_BUNDLE_IDENTIFIER = "Curts.Revature-P3-PickAndPayStoreUITests";
				PRODUCT_NAME = "$(TARGET_NAME)";
				SWIFT_EMIT_LOC_STRINGS = NO;
				SWIFT_VERSION = 5.0;
				TARGETED_DEVICE_FAMILY = "1,2";
				TEST_TARGET_NAME = Revature.P3.PickAndPayStore;
			};
			name = Release;
		};
/* End XCBuildConfiguration section */

/* Begin XCConfigurationList section */
		84705CE6286A2EAF0005B525 /* Build configuration list for PBXProject "Revature.P3.PickAndPayStore" */ = {
			isa = XCConfigurationList;
			buildConfigurations = (
				84705D16286A2EB10005B525 /* Debug */,
				84705D17286A2EB10005B525 /* Release */,
			);
			defaultConfigurationIsVisible = 0;
			defaultConfigurationName = Release;
		};
		84705D18286A2EB10005B525 /* Build configuration list for PBXNativeTarget "Revature.P3.PickAndPayStore" */ = {
			isa = XCConfigurationList;
			buildConfigurations = (
				84705D19286A2EB10005B525 /* Debug */,
				84705D1A286A2EB10005B525 /* Release */,
			);
			defaultConfigurationIsVisible = 0;
			defaultConfigurationName = Release;
		};
		84705D1B286A2EB10005B525 /* Build configuration list for PBXNativeTarget "Revature.P3.PickAndPayStoreTests" */ = {
			isa = XCConfigurationList;
			buildConfigurations = (
				84705D1C286A2EB10005B525 /* Debug */,
				84705D1D286A2EB10005B525 /* Release */,
			);
			defaultConfigurationIsVisible = 0;
			defaultConfigurationName = Release;
		};
		84705D1E286A2EB10005B525 /* Build configuration list for PBXNativeTarget "Revature.P3.PickAndPayStoreUITests" */ = {
			isa = XCConfigurationList;
			buildConfigurations = (
				84705D1F286A2EB10005B525 /* Debug */,
				84705D20286A2EB10005B525 /* Release */,
			);
			defaultConfigurationIsVisible = 0;
			defaultConfigurationName = Release;
		};
/* End XCConfigurationList section */

/* Begin XCRemoteSwiftPackageReference section */
		8441B9C62878B78F00000888 /* XCRemoteSwiftPackageReference "SwiftyJSON" */ = {
			isa = XCRemoteSwiftPackageReference;
			repositoryURL = "https://github.com/SwiftyJSON/SwiftyJSON.git";
			requirement = {
				kind = exactVersion;
				version = 5.0.0;
			};
		};
/* End XCRemoteSwiftPackageReference section */

/* Begin XCSwiftPackageProductDependency section */
		8441B9C72878B78F00000888 /* SwiftyJSON */ = {
			isa = XCSwiftPackageProductDependency;
			package = 8441B9C62878B78F00000888 /* XCRemoteSwiftPackageReference "SwiftyJSON" */;
			productName = SwiftyJSON;
		};
/* End XCSwiftPackageProductDependency section */

/* Begin XCVersionGroup section */
		84705CF7286A2EAF0005B525 /* Revature_P3_PickAndPayStore.xcdatamodeld */ = {
			isa = XCVersionGroup;
			children = (
				84705CF8286A2EAF0005B525 /* Revature_P3_PickAndPayStore.xcdatamodel */,
			);
			currentVersion = 84705CF8286A2EAF0005B525 /* Revature_P3_PickAndPayStore.xcdatamodel */;
			path = Revature_P3_PickAndPayStore.xcdatamodeld;
			sourceTree = "<group>";
			versionGroupType = wrapper.xcdatamodel;
		};
/* End XCVersionGroup section */
	};
	rootObject = 84705CE3286A2EAF0005B525 /* Project object */;
}
